
Microsoft Visual Studio Solution File, Format Version 12.00
# Visual Studio 2012
Project("{FAE04EC0-301F-11D3-BF4B-00C04F79EFBC}") = "iMobileSdkDemo", "iMobileSdkDemo\iMobileSdkDemo.csproj", "{537FD6EA-59B6-4ABD-B447-1CFDC1EE3AF1}"
EndProject
Global
	GlobalSection(SolutionConfigurationPlatforms) = preSolution
		Debug|iPhoneSimulator = Debug|iPhoneSimulator
		Release|iPhoneSimulator = Release|iPhoneSimulator
		Debug|iPhone = Debug|iPhone
		Release|iPhone = Release|iPhone
		Ad-Hoc|iPhone = Ad-Hoc|iPhone
		AppStore|iPhone = AppStore|iPhone
	EndGlobalSection
	GlobalSection(ProjectConfigurationPlatforms) = postSolution
		{537FD6EA-59B6-4ABD-B447-1CFDC1EE3AF1}.Ad-Hoc|iPhone.ActiveCfg = Ad-Hoc|iPhone
		{537FD6EA-59B6-4ABD-B447-1CFDC1EE3AF1}.Ad-Hoc|iPhone.Build.0 = Ad-Hoc|iPhone
		{537FD6EA-59B6-4ABD-B447-1CFDC1EE3AF1}.AppStore|iPhone.ActiveCfg = AppStore|iPhone
		{537FD6EA-59B6-4ABD-B447-1CFDC1EE3AF1}.AppStore|iPhone.Build.0 = AppStore|iPhone
		{537FD6EA-59B6-4ABD-B447-1CFDC1EE3AF1}.Debug|iPhone.ActiveCfg = Debug|iPhone
		{537FD6EA-59B6-4ABD-B447-1CFDC1EE3AF1}.Debug|iPhone.Build.0 = Debug|iPhone
		{537FD6EA-59B6-4ABD-B447-1CFDC1EE3AF1}.Debug|iPhoneSimulator.ActiveCfg = Debug|iPhoneSimulator
		{537FD6EA-59B6-4ABD-B447-1CFDC1EE3AF1}.Debug|iPhoneSimulator.Build.0 = Debug|iPhoneSimulator
		{537FD6EA-59B6-4ABD-B447-1CFDC1EE3AF1}.Release|iPhone.ActiveCfg = Release|iPhone
		{537FD6EA-59B6-4ABD-B447-1CFDC1EE3AF1}.Release|iPhone.Build.0 = Release|iPhone
		{537FD6EA-59B6-4ABD-B447-1CFDC1EE3AF1}.Release|iPhoneSimulator.ActiveCfg = Release|iPhoneSimulator
		{537FD6EA-59B6-4ABD-B447-1CFDC1EE3AF1}.Release|iPhoneSimulator.Build.0 = Release|iPhoneSimulator
	EndGlobalSection
	GlobalSection(MonoDevelopProperties) = preSolution
		StartupItem = iMobileSdkDemo\iMobileSdkDemo.csproj
	EndGlobalSection
EndGlobal
