
Microsoft Visual Studio Solution File, Format Version 12.00
# Visual Studio 2012
Project("{FAE04EC0-301F-11D3-BF4B-00C04F79EFBC}") = "SitecoreMobileSDK", "..\lib\SitecoreMobileSDK-PCL\SitecoreMobileSDK.csproj", "{D247D253-0923-4541-90B5-0F5E6304C33F}"
EndProject
Project("{FAE04EC0-301F-11D3-BF4B-00C04F79EFBC}") = "SitecoreMobileSDK-MockObjects", "..\test\Portable\SitecoreMobileSDK-MockObjects\SitecoreMobileSDK-MockObjects.csproj", "{B99EEE93-6176-438F-B601-E0382545166A}"
EndProject
Project("{FAE04EC0-301F-11D3-BF4B-00C04F79EFBC}") = "UnitTest-Desktop-NUnitLite", "..\test\Desktop-NunitLite\UnitTest-Desktop-NUnitLite\UnitTest-Desktop-NUnitLite.csproj", "{458B812E-CBDC-45D5-89FE-DC7791D8EDBB}"
EndProject
Project("{FAE04EC0-301F-11D3-BF4B-00C04F79EFBC}") = "SecureStringPasswordProvider-windows", "..\lib\PasswordProvider\windows\SecureStringPasswordProvider-windows\SecureStringPasswordProvider-windows.csproj", "{6A895746-B2EA-4865-AE55-89AEC075EFAC}"
EndProject
Project("{FAE04EC0-301F-11D3-BF4B-00C04F79EFBC}") = "SitecoreMobileSdkPasswordProvider", "..\lib\PasswordProvider\portable\SitecoreMobileSdkPasswordProvider\SitecoreMobileSdkPasswordProvider.csproj", "{079D5D12-FF8E-46D4-8AFC-06CBF5A736C7}"
EndProject
Global
	GlobalSection(SolutionConfigurationPlatforms) = preSolution
		Debug|Any CPU = Debug|Any CPU
		Release|Any CPU = Release|Any CPU
	EndGlobalSection
	GlobalSection(ProjectConfigurationPlatforms) = postSolution
		{D247D253-0923-4541-90B5-0F5E6304C33F}.Debug|Any CPU.ActiveCfg = Debug|Any CPU
		{D247D253-0923-4541-90B5-0F5E6304C33F}.Debug|Any CPU.Build.0 = Debug|Any CPU
		{D247D253-0923-4541-90B5-0F5E6304C33F}.Release|Any CPU.ActiveCfg = Release|Any CPU
		{D247D253-0923-4541-90B5-0F5E6304C33F}.Release|Any CPU.Build.0 = Release|Any CPU
		{B99EEE93-6176-438F-B601-E0382545166A}.Debug|Any CPU.ActiveCfg = Debug|Any CPU
		{B99EEE93-6176-438F-B601-E0382545166A}.Debug|Any CPU.Build.0 = Debug|Any CPU
		{B99EEE93-6176-438F-B601-E0382545166A}.Release|Any CPU.ActiveCfg = Release|Any CPU
		{B99EEE93-6176-438F-B601-E0382545166A}.Release|Any CPU.Build.0 = Release|Any CPU
		{458B812E-CBDC-45D5-89FE-DC7791D8EDBB}.Debug|Any CPU.ActiveCfg = Debug|Any CPU
		{458B812E-CBDC-45D5-89FE-DC7791D8EDBB}.Debug|Any CPU.Build.0 = Debug|Any CPU
		{458B812E-CBDC-45D5-89FE-DC7791D8EDBB}.Release|Any CPU.ActiveCfg = Release|Any CPU
		{458B812E-CBDC-45D5-89FE-DC7791D8EDBB}.Release|Any CPU.Build.0 = Release|Any CPU
		{6A895746-B2EA-4865-AE55-89AEC075EFAC}.Debug|Any CPU.ActiveCfg = Debug|Any CPU
		{6A895746-B2EA-4865-AE55-89AEC075EFAC}.Debug|Any CPU.Build.0 = Debug|Any CPU
		{6A895746-B2EA-4865-AE55-89AEC075EFAC}.Release|Any CPU.ActiveCfg = Release|Any CPU
		{6A895746-B2EA-4865-AE55-89AEC075EFAC}.Release|Any CPU.Build.0 = Release|Any CPU
		{079D5D12-FF8E-46D4-8AFC-06CBF5A736C7}.Debug|Any CPU.ActiveCfg = Debug|Any CPU
		{079D5D12-FF8E-46D4-8AFC-06CBF5A736C7}.Debug|Any CPU.Build.0 = Debug|Any CPU
		{079D5D12-FF8E-46D4-8AFC-06CBF5A736C7}.Release|Any CPU.ActiveCfg = Release|Any CPU
		{079D5D12-FF8E-46D4-8AFC-06CBF5A736C7}.Release|Any CPU.Build.0 = Release|Any CPU
	EndGlobalSection
	GlobalSection(SolutionProperties) = preSolution
		HideSolutionNode = FALSE
	EndGlobalSection
EndGlobal
