
Microsoft Visual Studio Solution File, Format Version 12.00
# Visual Studio 2012
Project("{FAE04EC0-301F-11D3-BF4B-00C04F79EFBC}") = "IntegrationTest-Desktop-XamarinStore", "..\test\Desktop-NunitLite\IntegrationTest-Desktop-XamarinStore\IntegrationTest-Desktop-XamarinStore.csproj", "{D6E28A35-764B-4B33-89EB-573F05E7FCD8}"
EndProject
Project("{FAE04EC0-301F-11D3-BF4B-00C04F79EFBC}") = "UnitTest-Desktop-XamarinStore", "..\test\Desktop-NunitLite\UnitTest-Desktop-XamarinStore\UnitTest-Desktop-XamarinStore.csproj", "{98466D7B-1378-4558-BF6A-A59E64A0F143}"
EndProject
Global
	GlobalSection(SolutionConfigurationPlatforms) = preSolution
		Debug|Any CPU = Debug|Any CPU
		Release|Any CPU = Release|Any CPU
	EndGlobalSection
	GlobalSection(ProjectConfigurationPlatforms) = postSolution
		{D6E28A35-764B-4B33-89EB-573F05E7FCD8}.Debug|Any CPU.ActiveCfg = Debug|Any CPU
		{D6E28A35-764B-4B33-89EB-573F05E7FCD8}.Debug|Any CPU.Build.0 = Debug|Any CPU
		{D6E28A35-764B-4B33-89EB-573F05E7FCD8}.Release|Any CPU.ActiveCfg = Release|Any CPU
		{D6E28A35-764B-4B33-89EB-573F05E7FCD8}.Release|Any CPU.Build.0 = Release|Any CPU
		{98466D7B-1378-4558-BF6A-A59E64A0F143}.Debug|Any CPU.ActiveCfg = Debug|Any CPU
		{98466D7B-1378-4558-BF6A-A59E64A0F143}.Debug|Any CPU.Build.0 = Debug|Any CPU
		{98466D7B-1378-4558-BF6A-A59E64A0F143}.Release|Any CPU.ActiveCfg = Release|Any CPU
		{98466D7B-1378-4558-BF6A-A59E64A0F143}.Release|Any CPU.Build.0 = Release|Any CPU
	EndGlobalSection
	GlobalSection(SolutionProperties) = preSolution
		HideSolutionNode = FALSE
	EndGlobalSection
EndGlobal
