
Microsoft Visual Studio Solution File, Format Version 12.00
# Visual Studio 2012
Project("{FAE04EC0-301F-11D3-BF4B-00C04F79EFBC}") = "MobileSDKTest-iOS", "..\test\iOS\MobileSDKTest-iOS\MobileSDKTest-iOS.csproj", "{6760B6C9-D849-486D-98A7-3E029F5F1764}"
EndProject
Project("{FAE04EC0-301F-11D3-BF4B-00C04F79EFBC}") = "SitecoreMobileSDK", "..\lib\SitecoreMobileSDK-PCL\SitecoreMobileSDK.csproj", "{D247D253-0923-4541-90B5-0F5E6304C33F}"
EndProject
Global
	GlobalSection(SolutionConfigurationPlatforms) = preSolution
		Debug|iPhoneSimulator = Debug|iPhoneSimulator
		Release|iPhoneSimulator = Release|iPhoneSimulator
		Debug|iPhone = Debug|iPhone
		Release|iPhone = Release|iPhone
		Ad-Hoc|iPhone = Ad-Hoc|iPhone
		AppStore|iPhone = AppStore|iPhone
	EndGlobalSection
	GlobalSection(ProjectConfigurationPlatforms) = postSolution
		{6760B6C9-D849-486D-98A7-3E029F5F1764}.Ad-Hoc|iPhone.ActiveCfg = Ad-Hoc|iPhone
		{6760B6C9-D849-486D-98A7-3E029F5F1764}.Ad-Hoc|iPhone.Build.0 = Ad-Hoc|iPhone
		{6760B6C9-D849-486D-98A7-3E029F5F1764}.AppStore|iPhone.ActiveCfg = AppStore|iPhone
		{6760B6C9-D849-486D-98A7-3E029F5F1764}.AppStore|iPhone.Build.0 = AppStore|iPhone
		{6760B6C9-D849-486D-98A7-3E029F5F1764}.Debug|iPhone.ActiveCfg = Debug|iPhone
		{6760B6C9-D849-486D-98A7-3E029F5F1764}.Debug|iPhone.Build.0 = Debug|iPhone
		{6760B6C9-D849-486D-98A7-3E029F5F1764}.Debug|iPhoneSimulator.ActiveCfg = Debug|iPhoneSimulator
		{6760B6C9-D849-486D-98A7-3E029F5F1764}.Debug|iPhoneSimulator.Build.0 = Debug|iPhoneSimulator
		{6760B6C9-D849-486D-98A7-3E029F5F1764}.Release|iPhone.ActiveCfg = Release|iPhone
		{6760B6C9-D849-486D-98A7-3E029F5F1764}.Release|iPhone.Build.0 = Release|iPhone
		{6760B6C9-D849-486D-98A7-3E029F5F1764}.Release|iPhoneSimulator.ActiveCfg = Release|iPhoneSimulator
		{6760B6C9-D849-486D-98A7-3E029F5F1764}.Release|iPhoneSimulator.Build.0 = Release|iPhoneSimulator
		{D247D253-0923-4541-90B5-0F5E6304C33F}.Ad-Hoc|iPhone.ActiveCfg = Release|Any CPU
		{D247D253-0923-4541-90B5-0F5E6304C33F}.Ad-Hoc|iPhone.Build.0 = Release|Any CPU
		{D247D253-0923-4541-90B5-0F5E6304C33F}.AppStore|iPhone.ActiveCfg = Release|Any CPU
		{D247D253-0923-4541-90B5-0F5E6304C33F}.AppStore|iPhone.Build.0 = Release|Any CPU
		{D247D253-0923-4541-90B5-0F5E6304C33F}.Debug|iPhone.ActiveCfg = Debug|Any CPU
		{D247D253-0923-4541-90B5-0F5E6304C33F}.Debug|iPhone.Build.0 = Debug|Any CPU
		{D247D253-0923-4541-90B5-0F5E6304C33F}.Debug|iPhoneSimulator.ActiveCfg = Debug|Any CPU
		{D247D253-0923-4541-90B5-0F5E6304C33F}.Debug|iPhoneSimulator.Build.0 = Debug|Any CPU
		{D247D253-0923-4541-90B5-0F5E6304C33F}.Release|iPhone.ActiveCfg = Release|Any CPU
		{D247D253-0923-4541-90B5-0F5E6304C33F}.Release|iPhone.Build.0 = Release|Any CPU
		{D247D253-0923-4541-90B5-0F5E6304C33F}.Release|iPhoneSimulator.ActiveCfg = Release|Any CPU
		{D247D253-0923-4541-90B5-0F5E6304C33F}.Release|iPhoneSimulator.Build.0 = Release|Any CPU
	EndGlobalSection
	GlobalSection(MonoDevelopProperties) = preSolution
		StartupItem = ..\test\iOS\MobileSDKTest-iOS\MobileSDKTest-iOS.csproj
	EndGlobalSection
EndGlobal
