
Microsoft Visual Studio Solution File, Format Version 12.00
# Visual Studio 14
VisualStudioVersion = 14.0.25123.0
MinimumVisualStudioVersion = 10.0.40219.1
Project("{2150E333-8FDC-42A3-9474-1A3956D46DE8}") = "lib", "lib", "{A26091BC-17A1-4770-AD1C-8B2EB2F04FF8}"
EndProject
Project("{2150E333-8FDC-42A3-9474-1A3956D46DE8}") = "PasswordProvider", "PasswordProvider", "{18B3B5B1-0503-40AB-9A97-ABB6589BE34B}"
EndProject
Project("{D954291E-2A0B-460D-934E-DC6B0785DB48}") = "SecureStringPasswordProvider", "..\lib\PasswordProvider\portable\SecureStringPasswordProvider\SecureStringPasswordProvider.shproj", "{25A7AAE3-E76A-4C4F-AA0E-24983166C37D}"
EndProject
Project("{FAE04EC0-301F-11D3-BF4B-00C04F79EFBC}") = "Sitecore.MobileSDK.PasswordProvider.Interface", "..\lib\PasswordProvider\portable\SitecoreMobileSdkPasswordProvider\Sitecore.MobileSDK.PasswordProvider.Interface.csproj", "{079D5D12-FF8E-46D4-8AFC-06CBF5A736C7}"
EndProject
Project("{FAE04EC0-301F-11D3-BF4B-00C04F79EFBC}") = "Sitecore.MobileSDK.PasswordProvider.iOS", "..\lib\PasswordProvider\iOS\Sitecore.MobileSDK.PasswordProvider.iOS\Sitecore.MobileSDK.PasswordProvider.iOS.csproj", "{95ED660D-1BF8-4668-A252-A87F0D1240A6}"
EndProject
Project("{FAE04EC0-301F-11D3-BF4B-00C04F79EFBC}") = "Sitecore.MobileSDK.PasswordProvider.iOS.UnifiedAPI", "..\lib\PasswordProvider\iOS\Sitecore.MobileSDK.PasswordProvider.iOS.UnifiedAPI\Sitecore.MobileSDK.PasswordProvider.iOS.UnifiedAPI.csproj", "{F973D9C9-61F3-417F-92D1-F32E0CB59187}"
EndProject
Project("{D954291E-2A0B-460D-934E-DC6B0785DB48}") = "Sitecore.MobileSDK.MockObjects.Shared", "..\test\Portable\SitecoreMobileSDK-MockObjects-Shared\Sitecore.MobileSDK.MockObjects.Shared.shproj", "{8007ADBC-4501-447F-BE99-E628A481BB3F}"
EndProject
Project("{FAE04EC0-301F-11D3-BF4B-00C04F79EFBC}") = "Sitecore.MobileSDK", "..\lib\SitecoreMobileSDK-PCL\Sitecore.MobileSDK.csproj", "{D247D253-0923-4541-90B5-0F5E6304C33F}"
EndProject
Project("{FAE04EC0-301F-11D3-BF4B-00C04F79EFBC}") = "Sitecore.MobileSDK.MockObjects", "..\test\Portable\SitecoreMobileSDK-MockObjects\Sitecore.MobileSDK.MockObjects.csproj", "{B99EEE93-6176-438F-B601-E0382545166A}"
EndProject
Project("{2150E333-8FDC-42A3-9474-1A3956D46DE8}") = "Unit Test", "Unit Test", "{401EE823-ED79-453F-B39D-6CE07492C811}"
EndProject
Project("{D954291E-2A0B-460D-934E-DC6B0785DB48}") = "MobileSDK-UnitTest", "..\test\Portable\MobileSDK-UnitTest\MobileSDK-UnitTest.shproj", "{8A52A2A6-20A1-42BD-B586-242F77089B1D}"
EndProject
Project("{FAE04EC0-301F-11D3-BF4B-00C04F79EFBC}") = "MobileSDKUnitTest-iOS", "..\test\iOS\MobileSDKUnitTest-iOS\MobileSDKUnitTest-iOS.csproj", "{A5E3B976-D06A-474D-A059-B5B4DFAB2153}"
EndProject
Project("{FAE04EC0-301F-11D3-BF4B-00C04F79EFBC}") = "MobileSDK-UnitTest-iOS-Unified", "..\test\iOS\MobileSDK-UnitTest-iOS-Unified\MobileSDK-UnitTest-iOS-Unified.csproj", "{014138C6-8396-460C-8D8C-5FCEB5FD83E5}"
EndProject
Project("{2150E333-8FDC-42A3-9474-1A3956D46DE8}") = "Integration Test", "Integration Test", "{E0E03E8E-2782-4217-9146-5A706CB30487}"
EndProject
Project("{D954291E-2A0B-460D-934E-DC6B0785DB48}") = "MobileSDK-IntegrationTest", "..\test\Portable\MobileSDK-IntegrationTest\MobileSDK-IntegrationTest.shproj", "{2B6EF2C4-3AE1-414B-8833-3A0D25A0AFB0}"
EndProject
Project("{FAE04EC0-301F-11D3-BF4B-00C04F79EFBC}") = "MobileSDK-IntegrationTest-iOS", "..\test\iOS\MobileSDK-IntegrationTest-iOS\MobileSDK-IntegrationTest-iOS.csproj", "{3099A100-12CA-45D0-A45F-087632139637}"
EndProject
Project("{FAE04EC0-301F-11D3-BF4B-00C04F79EFBC}") = "MobileSDK-IntegrationTest-iOS-Unified", "..\test\iOS\MobileSDK-IntegrationTest-iOS-Unified\MobileSDK-IntegrationTest-iOS-Unified.csproj", "{36B3E8FB-1C45-4EB6-9D5F-11A034FE1A64}"
EndProject
Global
	GlobalSection(SharedMSBuildProjectFiles) = preSolution
		..\test\Portable\MobileSDK-UnitTest\MobileSDK-UnitTest.projitems*{8a52a2a6-20a1-42bd-b586-242f77089b1d}*SharedItemsImports = 13
		..\test\Portable\MobileSDK-UnitTest\MobileSDK-UnitTest.projitems*{a5e3b976-d06a-474d-a059-b5b4dfab2153}*SharedItemsImports = 4
		..\test\Portable\MobileSDK-UnitTest\MobileSDK-UnitTest.projitems*{014138c6-8396-460c-8d8c-5fceb5fd83e5}*SharedItemsImports = 4
		..\lib\PasswordProvider\portable\SecureStringPasswordProvider\SecureStringPasswordProvider.projitems*{25a7aae3-e76a-4c4f-aa0e-24983166c37d}*SharedItemsImports = 13
		..\test\Portable\SitecoreMobileSDK-MockObjects-Shared\SitecoreMobileSDK-MockObjects-Shared.projitems*{8007adbc-4501-447f-be99-e628a481bb3f}*SharedItemsImports = 13
		..\lib\PasswordProvider\portable\SecureStringPasswordProvider\SecureStringPasswordProvider.projitems*{95ed660d-1bf8-4668-a252-a87f0d1240a6}*SharedItemsImports = 4
		..\test\Portable\MobileSDK-IntegrationTest\MobileSDK-IntegrationTest.projitems*{3099a100-12ca-45d0-a45f-087632139637}*SharedItemsImports = 4
		..\test\Portable\MobileSDK-IntegrationTest\MobileSDK-IntegrationTest.projitems*{2b6ef2c4-3ae1-414b-8833-3a0d25a0afb0}*SharedItemsImports = 13
		..\test\Portable\SitecoreMobileSDK-MockObjects-Shared\SitecoreMobileSDK-MockObjects-Shared.projitems*{b99eee93-6176-438f-b601-e0382545166a}*SharedItemsImports = 4
		..\test\Portable\MobileSDK-IntegrationTest\MobileSDK-IntegrationTest.projitems*{36b3e8fb-1c45-4eb6-9d5f-11a034fe1a64}*SharedItemsImports = 4
		..\lib\PasswordProvider\portable\SecureStringPasswordProvider\SecureStringPasswordProvider.projitems*{f973d9c9-61f3-417f-92d1-f32e0cb59187}*SharedItemsImports = 4
	EndGlobalSection
	GlobalSection(SolutionConfigurationPlatforms) = preSolution
		Ad-Hoc|iPhone = Ad-Hoc|iPhone
		Ad-Hoc|iPhoneSimulator = Ad-Hoc|iPhoneSimulator
		AppStore|iPhone = AppStore|iPhone
		AppStore|iPhoneSimulator = AppStore|iPhoneSimulator
		Debug|iPhone = Debug|iPhone
		Debug|iPhoneSimulator = Debug|iPhoneSimulator
		Release|iPhone = Release|iPhone
		Release|iPhoneSimulator = Release|iPhoneSimulator
	EndGlobalSection
	GlobalSection(ProjectConfigurationPlatforms) = postSolution
		{079D5D12-FF8E-46D4-8AFC-06CBF5A736C7}.Ad-Hoc|iPhone.ActiveCfg = Release|Any CPU
		{079D5D12-FF8E-46D4-8AFC-06CBF5A736C7}.Ad-Hoc|iPhone.Build.0 = Release|Any CPU
		{079D5D12-FF8E-46D4-8AFC-06CBF5A736C7}.Ad-Hoc|iPhoneSimulator.ActiveCfg = Release|Any CPU
		{079D5D12-FF8E-46D4-8AFC-06CBF5A736C7}.Ad-Hoc|iPhoneSimulator.Build.0 = Release|Any CPU
		{079D5D12-FF8E-46D4-8AFC-06CBF5A736C7}.AppStore|iPhone.ActiveCfg = Release|Any CPU
		{079D5D12-FF8E-46D4-8AFC-06CBF5A736C7}.AppStore|iPhone.Build.0 = Release|Any CPU
		{079D5D12-FF8E-46D4-8AFC-06CBF5A736C7}.AppStore|iPhoneSimulator.ActiveCfg = Release|Any CPU
		{079D5D12-FF8E-46D4-8AFC-06CBF5A736C7}.AppStore|iPhoneSimulator.Build.0 = Release|Any CPU
		{079D5D12-FF8E-46D4-8AFC-06CBF5A736C7}.Debug|iPhone.ActiveCfg = Debug|Any CPU
		{079D5D12-FF8E-46D4-8AFC-06CBF5A736C7}.Debug|iPhone.Build.0 = Debug|Any CPU
		{079D5D12-FF8E-46D4-8AFC-06CBF5A736C7}.Debug|iPhoneSimulator.ActiveCfg = Debug|Any CPU
		{079D5D12-FF8E-46D4-8AFC-06CBF5A736C7}.Debug|iPhoneSimulator.Build.0 = Debug|Any CPU
		{079D5D12-FF8E-46D4-8AFC-06CBF5A736C7}.Release|iPhone.ActiveCfg = Release|Any CPU
		{079D5D12-FF8E-46D4-8AFC-06CBF5A736C7}.Release|iPhone.Build.0 = Release|Any CPU
		{079D5D12-FF8E-46D4-8AFC-06CBF5A736C7}.Release|iPhoneSimulator.ActiveCfg = Release|Any CPU
		{079D5D12-FF8E-46D4-8AFC-06CBF5A736C7}.Release|iPhoneSimulator.Build.0 = Release|Any CPU
		{95ED660D-1BF8-4668-A252-A87F0D1240A6}.Ad-Hoc|iPhone.ActiveCfg = Release|Any CPU
		{95ED660D-1BF8-4668-A252-A87F0D1240A6}.Ad-Hoc|iPhone.Build.0 = Release|Any CPU
		{95ED660D-1BF8-4668-A252-A87F0D1240A6}.Ad-Hoc|iPhoneSimulator.ActiveCfg = Release|Any CPU
		{95ED660D-1BF8-4668-A252-A87F0D1240A6}.Ad-Hoc|iPhoneSimulator.Build.0 = Release|Any CPU
		{95ED660D-1BF8-4668-A252-A87F0D1240A6}.AppStore|iPhone.ActiveCfg = Release|Any CPU
		{95ED660D-1BF8-4668-A252-A87F0D1240A6}.AppStore|iPhone.Build.0 = Release|Any CPU
		{95ED660D-1BF8-4668-A252-A87F0D1240A6}.AppStore|iPhoneSimulator.ActiveCfg = Release|Any CPU
		{95ED660D-1BF8-4668-A252-A87F0D1240A6}.AppStore|iPhoneSimulator.Build.0 = Release|Any CPU
		{95ED660D-1BF8-4668-A252-A87F0D1240A6}.Debug|iPhone.ActiveCfg = Debug|Any CPU
		{95ED660D-1BF8-4668-A252-A87F0D1240A6}.Debug|iPhone.Build.0 = Debug|Any CPU
		{95ED660D-1BF8-4668-A252-A87F0D1240A6}.Debug|iPhoneSimulator.ActiveCfg = Debug|Any CPU
		{95ED660D-1BF8-4668-A252-A87F0D1240A6}.Debug|iPhoneSimulator.Build.0 = Debug|Any CPU
		{95ED660D-1BF8-4668-A252-A87F0D1240A6}.Release|iPhone.ActiveCfg = Release|Any CPU
		{95ED660D-1BF8-4668-A252-A87F0D1240A6}.Release|iPhone.Build.0 = Release|Any CPU
		{95ED660D-1BF8-4668-A252-A87F0D1240A6}.Release|iPhoneSimulator.ActiveCfg = Release|Any CPU
		{95ED660D-1BF8-4668-A252-A87F0D1240A6}.Release|iPhoneSimulator.Build.0 = Release|Any CPU
		{F973D9C9-61F3-417F-92D1-F32E0CB59187}.Ad-Hoc|iPhone.ActiveCfg = Release|Any CPU
		{F973D9C9-61F3-417F-92D1-F32E0CB59187}.Ad-Hoc|iPhone.Build.0 = Release|Any CPU
		{F973D9C9-61F3-417F-92D1-F32E0CB59187}.Ad-Hoc|iPhoneSimulator.ActiveCfg = Release|Any CPU
		{F973D9C9-61F3-417F-92D1-F32E0CB59187}.Ad-Hoc|iPhoneSimulator.Build.0 = Release|Any CPU
		{F973D9C9-61F3-417F-92D1-F32E0CB59187}.AppStore|iPhone.ActiveCfg = Release|Any CPU
		{F973D9C9-61F3-417F-92D1-F32E0CB59187}.AppStore|iPhone.Build.0 = Release|Any CPU
		{F973D9C9-61F3-417F-92D1-F32E0CB59187}.AppStore|iPhoneSimulator.ActiveCfg = Release|Any CPU
		{F973D9C9-61F3-417F-92D1-F32E0CB59187}.AppStore|iPhoneSimulator.Build.0 = Release|Any CPU
		{F973D9C9-61F3-417F-92D1-F32E0CB59187}.Debug|iPhone.ActiveCfg = Debug|Any CPU
		{F973D9C9-61F3-417F-92D1-F32E0CB59187}.Debug|iPhone.Build.0 = Debug|Any CPU
		{F973D9C9-61F3-417F-92D1-F32E0CB59187}.Debug|iPhoneSimulator.ActiveCfg = Debug|Any CPU
		{F973D9C9-61F3-417F-92D1-F32E0CB59187}.Debug|iPhoneSimulator.Build.0 = Debug|Any CPU
		{F973D9C9-61F3-417F-92D1-F32E0CB59187}.Release|iPhone.ActiveCfg = Release|Any CPU
		{F973D9C9-61F3-417F-92D1-F32E0CB59187}.Release|iPhone.Build.0 = Release|Any CPU
		{F973D9C9-61F3-417F-92D1-F32E0CB59187}.Release|iPhoneSimulator.ActiveCfg = Release|Any CPU
		{F973D9C9-61F3-417F-92D1-F32E0CB59187}.Release|iPhoneSimulator.Build.0 = Release|Any CPU
		{D247D253-0923-4541-90B5-0F5E6304C33F}.Ad-Hoc|iPhone.ActiveCfg = Release|Any CPU
		{D247D253-0923-4541-90B5-0F5E6304C33F}.Ad-Hoc|iPhone.Build.0 = Release|Any CPU
		{D247D253-0923-4541-90B5-0F5E6304C33F}.Ad-Hoc|iPhoneSimulator.ActiveCfg = Release|Any CPU
		{D247D253-0923-4541-90B5-0F5E6304C33F}.Ad-Hoc|iPhoneSimulator.Build.0 = Release|Any CPU
		{D247D253-0923-4541-90B5-0F5E6304C33F}.AppStore|iPhone.ActiveCfg = Release|Any CPU
		{D247D253-0923-4541-90B5-0F5E6304C33F}.AppStore|iPhone.Build.0 = Release|Any CPU
		{D247D253-0923-4541-90B5-0F5E6304C33F}.AppStore|iPhoneSimulator.ActiveCfg = Release|Any CPU
		{D247D253-0923-4541-90B5-0F5E6304C33F}.AppStore|iPhoneSimulator.Build.0 = Release|Any CPU
		{D247D253-0923-4541-90B5-0F5E6304C33F}.Debug|iPhone.ActiveCfg = Debug|Any CPU
		{D247D253-0923-4541-90B5-0F5E6304C33F}.Debug|iPhone.Build.0 = Debug|Any CPU
		{D247D253-0923-4541-90B5-0F5E6304C33F}.Debug|iPhoneSimulator.ActiveCfg = Debug|Any CPU
		{D247D253-0923-4541-90B5-0F5E6304C33F}.Debug|iPhoneSimulator.Build.0 = Debug|Any CPU
		{D247D253-0923-4541-90B5-0F5E6304C33F}.Release|iPhone.ActiveCfg = Release|Any CPU
		{D247D253-0923-4541-90B5-0F5E6304C33F}.Release|iPhone.Build.0 = Release|Any CPU
		{D247D253-0923-4541-90B5-0F5E6304C33F}.Release|iPhoneSimulator.ActiveCfg = Release|Any CPU
		{D247D253-0923-4541-90B5-0F5E6304C33F}.Release|iPhoneSimulator.Build.0 = Release|Any CPU
		{B99EEE93-6176-438F-B601-E0382545166A}.Ad-Hoc|iPhone.ActiveCfg = Release|Any CPU
		{B99EEE93-6176-438F-B601-E0382545166A}.Ad-Hoc|iPhone.Build.0 = Release|Any CPU
		{B99EEE93-6176-438F-B601-E0382545166A}.Ad-Hoc|iPhoneSimulator.ActiveCfg = Release|Any CPU
		{B99EEE93-6176-438F-B601-E0382545166A}.Ad-Hoc|iPhoneSimulator.Build.0 = Release|Any CPU
		{B99EEE93-6176-438F-B601-E0382545166A}.AppStore|iPhone.ActiveCfg = Release|Any CPU
		{B99EEE93-6176-438F-B601-E0382545166A}.AppStore|iPhone.Build.0 = Release|Any CPU
		{B99EEE93-6176-438F-B601-E0382545166A}.AppStore|iPhoneSimulator.ActiveCfg = Release|Any CPU
		{B99EEE93-6176-438F-B601-E0382545166A}.AppStore|iPhoneSimulator.Build.0 = Release|Any CPU
		{B99EEE93-6176-438F-B601-E0382545166A}.Debug|iPhone.ActiveCfg = Debug|Any CPU
		{B99EEE93-6176-438F-B601-E0382545166A}.Debug|iPhone.Build.0 = Debug|Any CPU
		{B99EEE93-6176-438F-B601-E0382545166A}.Debug|iPhoneSimulator.ActiveCfg = Debug|Any CPU
		{B99EEE93-6176-438F-B601-E0382545166A}.Debug|iPhoneSimulator.Build.0 = Debug|Any CPU
		{B99EEE93-6176-438F-B601-E0382545166A}.Release|iPhone.ActiveCfg = Release|Any CPU
		{B99EEE93-6176-438F-B601-E0382545166A}.Release|iPhone.Build.0 = Release|Any CPU
		{B99EEE93-6176-438F-B601-E0382545166A}.Release|iPhoneSimulator.ActiveCfg = Release|Any CPU
		{B99EEE93-6176-438F-B601-E0382545166A}.Release|iPhoneSimulator.Build.0 = Release|Any CPU
		{A5E3B976-D06A-474D-A059-B5B4DFAB2153}.Ad-Hoc|iPhone.ActiveCfg = Ad-Hoc|iPhone
		{A5E3B976-D06A-474D-A059-B5B4DFAB2153}.Ad-Hoc|iPhone.Build.0 = Ad-Hoc|iPhone
		{A5E3B976-D06A-474D-A059-B5B4DFAB2153}.Ad-Hoc|iPhoneSimulator.ActiveCfg = Ad-Hoc|iPhoneSimulator
		{A5E3B976-D06A-474D-A059-B5B4DFAB2153}.Ad-Hoc|iPhoneSimulator.Build.0 = Ad-Hoc|iPhoneSimulator
		{A5E3B976-D06A-474D-A059-B5B4DFAB2153}.Ad-Hoc|iPhoneSimulator.Deploy.0 = Ad-Hoc|iPhoneSimulator
		{A5E3B976-D06A-474D-A059-B5B4DFAB2153}.AppStore|iPhone.ActiveCfg = AppStore|iPhone
		{A5E3B976-D06A-474D-A059-B5B4DFAB2153}.AppStore|iPhone.Build.0 = AppStore|iPhone
		{A5E3B976-D06A-474D-A059-B5B4DFAB2153}.AppStore|iPhoneSimulator.ActiveCfg = AppStore|iPhoneSimulator
		{A5E3B976-D06A-474D-A059-B5B4DFAB2153}.AppStore|iPhoneSimulator.Build.0 = AppStore|iPhoneSimulator
		{A5E3B976-D06A-474D-A059-B5B4DFAB2153}.AppStore|iPhoneSimulator.Deploy.0 = AppStore|iPhoneSimulator
		{A5E3B976-D06A-474D-A059-B5B4DFAB2153}.Debug|iPhone.ActiveCfg = Debug|iPhone
		{A5E3B976-D06A-474D-A059-B5B4DFAB2153}.Debug|iPhone.Build.0 = Debug|iPhone
		{A5E3B976-D06A-474D-A059-B5B4DFAB2153}.Debug|iPhoneSimulator.ActiveCfg = Debug|iPhoneSimulator
		{A5E3B976-D06A-474D-A059-B5B4DFAB2153}.Debug|iPhoneSimulator.Build.0 = Debug|iPhoneSimulator
		{A5E3B976-D06A-474D-A059-B5B4DFAB2153}.Release|iPhone.ActiveCfg = Release|iPhone
		{A5E3B976-D06A-474D-A059-B5B4DFAB2153}.Release|iPhone.Build.0 = Release|iPhone
		{A5E3B976-D06A-474D-A059-B5B4DFAB2153}.Release|iPhoneSimulator.ActiveCfg = Release|iPhoneSimulator
		{A5E3B976-D06A-474D-A059-B5B4DFAB2153}.Release|iPhoneSimulator.Build.0 = Release|iPhoneSimulator
		{014138C6-8396-460C-8D8C-5FCEB5FD83E5}.Ad-Hoc|iPhone.ActiveCfg = Ad-Hoc|iPhone
		{014138C6-8396-460C-8D8C-5FCEB5FD83E5}.Ad-Hoc|iPhone.Build.0 = Ad-Hoc|iPhone
		{014138C6-8396-460C-8D8C-5FCEB5FD83E5}.Ad-Hoc|iPhoneSimulator.ActiveCfg = Ad-Hoc|iPhone
		{014138C6-8396-460C-8D8C-5FCEB5FD83E5}.Ad-Hoc|iPhoneSimulator.Build.0 = Ad-Hoc|iPhone
		{014138C6-8396-460C-8D8C-5FCEB5FD83E5}.AppStore|iPhone.ActiveCfg = AppStore|iPhone
		{014138C6-8396-460C-8D8C-5FCEB5FD83E5}.AppStore|iPhone.Build.0 = AppStore|iPhone
		{014138C6-8396-460C-8D8C-5FCEB5FD83E5}.AppStore|iPhoneSimulator.ActiveCfg = Ad-Hoc|iPhone
		{014138C6-8396-460C-8D8C-5FCEB5FD83E5}.AppStore|iPhoneSimulator.Build.0 = Ad-Hoc|iPhone
		{014138C6-8396-460C-8D8C-5FCEB5FD83E5}.Debug|iPhone.ActiveCfg = Debug|iPhone
		{014138C6-8396-460C-8D8C-5FCEB5FD83E5}.Debug|iPhone.Build.0 = Debug|iPhone
		{014138C6-8396-460C-8D8C-5FCEB5FD83E5}.Debug|iPhoneSimulator.ActiveCfg = Debug|iPhoneSimulator
		{014138C6-8396-460C-8D8C-5FCEB5FD83E5}.Debug|iPhoneSimulator.Build.0 = Debug|iPhoneSimulator
		{014138C6-8396-460C-8D8C-5FCEB5FD83E5}.Release|iPhone.ActiveCfg = Release|iPhone
		{014138C6-8396-460C-8D8C-5FCEB5FD83E5}.Release|iPhone.Build.0 = Release|iPhone
		{014138C6-8396-460C-8D8C-5FCEB5FD83E5}.Release|iPhoneSimulator.ActiveCfg = Release|iPhoneSimulator
		{014138C6-8396-460C-8D8C-5FCEB5FD83E5}.Release|iPhoneSimulator.Build.0 = Release|iPhoneSimulator
		{3099A100-12CA-45D0-A45F-087632139637}.Ad-Hoc|iPhone.ActiveCfg = Ad-Hoc|iPhone
		{3099A100-12CA-45D0-A45F-087632139637}.Ad-Hoc|iPhone.Build.0 = Ad-Hoc|iPhone
		{3099A100-12CA-45D0-A45F-087632139637}.Ad-Hoc|iPhoneSimulator.ActiveCfg = Ad-Hoc|iPhone
		{3099A100-12CA-45D0-A45F-087632139637}.AppStore|iPhone.ActiveCfg = AppStore|iPhone
		{3099A100-12CA-45D0-A45F-087632139637}.AppStore|iPhone.Build.0 = AppStore|iPhone
		{3099A100-12CA-45D0-A45F-087632139637}.AppStore|iPhoneSimulator.ActiveCfg = AppStore|iPhone
		{3099A100-12CA-45D0-A45F-087632139637}.Debug|iPhone.ActiveCfg = Debug|iPhone
		{3099A100-12CA-45D0-A45F-087632139637}.Debug|iPhone.Build.0 = Debug|iPhone
		{3099A100-12CA-45D0-A45F-087632139637}.Debug|iPhoneSimulator.ActiveCfg = Debug|iPhoneSimulator
		{3099A100-12CA-45D0-A45F-087632139637}.Debug|iPhoneSimulator.Build.0 = Debug|iPhoneSimulator
		{3099A100-12CA-45D0-A45F-087632139637}.Release|iPhone.ActiveCfg = Release|iPhone
		{3099A100-12CA-45D0-A45F-087632139637}.Release|iPhone.Build.0 = Release|iPhone
		{3099A100-12CA-45D0-A45F-087632139637}.Release|iPhoneSimulator.ActiveCfg = Release|iPhoneSimulator
		{3099A100-12CA-45D0-A45F-087632139637}.Release|iPhoneSimulator.Build.0 = Release|iPhoneSimulator
		{36B3E8FB-1C45-4EB6-9D5F-11A034FE1A64}.Ad-Hoc|iPhone.ActiveCfg = Ad-Hoc|iPhone
		{36B3E8FB-1C45-4EB6-9D5F-11A034FE1A64}.Ad-Hoc|iPhone.Build.0 = Ad-Hoc|iPhone
		{36B3E8FB-1C45-4EB6-9D5F-11A034FE1A64}.Ad-Hoc|iPhoneSimulator.ActiveCfg = Ad-Hoc|iPhone
		{36B3E8FB-1C45-4EB6-9D5F-11A034FE1A64}.Ad-Hoc|iPhoneSimulator.Build.0 = Ad-Hoc|iPhone
		{36B3E8FB-1C45-4EB6-9D5F-11A034FE1A64}.AppStore|iPhone.ActiveCfg = AppStore|iPhone
		{36B3E8FB-1C45-4EB6-9D5F-11A034FE1A64}.AppStore|iPhone.Build.0 = AppStore|iPhone
		{36B3E8FB-1C45-4EB6-9D5F-11A034FE1A64}.AppStore|iPhoneSimulator.ActiveCfg = Ad-Hoc|iPhone
		{36B3E8FB-1C45-4EB6-9D5F-11A034FE1A64}.AppStore|iPhoneSimulator.Build.0 = Ad-Hoc|iPhone
		{36B3E8FB-1C45-4EB6-9D5F-11A034FE1A64}.Debug|iPhone.ActiveCfg = Debug|iPhone
		{36B3E8FB-1C45-4EB6-9D5F-11A034FE1A64}.Debug|iPhone.Build.0 = Debug|iPhone
		{36B3E8FB-1C45-4EB6-9D5F-11A034FE1A64}.Debug|iPhoneSimulator.ActiveCfg = Debug|iPhoneSimulator
		{36B3E8FB-1C45-4EB6-9D5F-11A034FE1A64}.Debug|iPhoneSimulator.Build.0 = Debug|iPhoneSimulator
		{36B3E8FB-1C45-4EB6-9D5F-11A034FE1A64}.Release|iPhone.ActiveCfg = Release|iPhone
		{36B3E8FB-1C45-4EB6-9D5F-11A034FE1A64}.Release|iPhone.Build.0 = Release|iPhone
		{36B3E8FB-1C45-4EB6-9D5F-11A034FE1A64}.Release|iPhoneSimulator.ActiveCfg = Release|iPhoneSimulator
		{36B3E8FB-1C45-4EB6-9D5F-11A034FE1A64}.Release|iPhoneSimulator.Build.0 = Release|iPhoneSimulator
	EndGlobalSection
	GlobalSection(SolutionProperties) = preSolution
		HideSolutionNode = FALSE
	EndGlobalSection
	GlobalSection(NestedProjects) = preSolution
		{18B3B5B1-0503-40AB-9A97-ABB6589BE34B} = {A26091BC-17A1-4770-AD1C-8B2EB2F04FF8}
		{25A7AAE3-E76A-4C4F-AA0E-24983166C37D} = {18B3B5B1-0503-40AB-9A97-ABB6589BE34B}
		{079D5D12-FF8E-46D4-8AFC-06CBF5A736C7} = {18B3B5B1-0503-40AB-9A97-ABB6589BE34B}
		{95ED660D-1BF8-4668-A252-A87F0D1240A6} = {18B3B5B1-0503-40AB-9A97-ABB6589BE34B}
		{F973D9C9-61F3-417F-92D1-F32E0CB59187} = {18B3B5B1-0503-40AB-9A97-ABB6589BE34B}
		{8007ADBC-4501-447F-BE99-E628A481BB3F} = {A26091BC-17A1-4770-AD1C-8B2EB2F04FF8}
		{D247D253-0923-4541-90B5-0F5E6304C33F} = {A26091BC-17A1-4770-AD1C-8B2EB2F04FF8}
		{B99EEE93-6176-438F-B601-E0382545166A} = {A26091BC-17A1-4770-AD1C-8B2EB2F04FF8}
		{8A52A2A6-20A1-42BD-B586-242F77089B1D} = {401EE823-ED79-453F-B39D-6CE07492C811}
		{A5E3B976-D06A-474D-A059-B5B4DFAB2153} = {401EE823-ED79-453F-B39D-6CE07492C811}
		{014138C6-8396-460C-8D8C-5FCEB5FD83E5} = {401EE823-ED79-453F-B39D-6CE07492C811}
		{2B6EF2C4-3AE1-414B-8833-3A0D25A0AFB0} = {E0E03E8E-2782-4217-9146-5A706CB30487}
		{3099A100-12CA-45D0-A45F-087632139637} = {E0E03E8E-2782-4217-9146-5A706CB30487}
		{36B3E8FB-1C45-4EB6-9D5F-11A034FE1A64} = {E0E03E8E-2782-4217-9146-5A706CB30487}
	EndGlobalSection
EndGlobal
