
Microsoft Visual Studio Solution File, Format Version 12.00
# Visual Studio 2012
Project("{FAE04EC0-301F-11D3-BF4B-00C04F79EFBC}") = "IntegrationTest-Desktop-NuGet", "..\test\Desktop-NunitLite\IntegrationTest-Desktop-NuGet\IntegrationTest-Desktop-NuGet.csproj", "{3A35C7C2-2188-4365-8156-A1CC78A48253}"
EndProject
Project("{FAE04EC0-301F-11D3-BF4B-00C04F79EFBC}") = "UnitTest-Desktop-NuGet", "..\test\Desktop-NunitLite\UnitTest-Desktop-NuGet\UnitTest-Desktop-NuGet.csproj", "{8C4A0C6E-92FA-4748-A6B2-CEB45EE8C6C7}"
EndProject
Global
	GlobalSection(SolutionConfigurationPlatforms) = preSolution
		Debug|Any CPU = Debug|Any CPU
		Release|Any CPU = Release|Any CPU
	EndGlobalSection
	GlobalSection(ProjectConfigurationPlatforms) = postSolution
		{3A35C7C2-2188-4365-8156-A1CC78A48253}.Debug|Any CPU.ActiveCfg = Debug|Any CPU
		{3A35C7C2-2188-4365-8156-A1CC78A48253}.Debug|Any CPU.Build.0 = Debug|Any CPU
		{3A35C7C2-2188-4365-8156-A1CC78A48253}.Release|Any CPU.ActiveCfg = Release|Any CPU
		{3A35C7C2-2188-4365-8156-A1CC78A48253}.Release|Any CPU.Build.0 = Release|Any CPU
		{8C4A0C6E-92FA-4748-A6B2-CEB45EE8C6C7}.Debug|Any CPU.ActiveCfg = Debug|Any CPU
		{8C4A0C6E-92FA-4748-A6B2-CEB45EE8C6C7}.Debug|Any CPU.Build.0 = Debug|Any CPU
		{8C4A0C6E-92FA-4748-A6B2-CEB45EE8C6C7}.Release|Any CPU.ActiveCfg = Release|Any CPU
		{8C4A0C6E-92FA-4748-A6B2-CEB45EE8C6C7}.Release|Any CPU.Build.0 = Release|Any CPU
	EndGlobalSection
	GlobalSection(SolutionProperties) = preSolution
		HideSolutionNode = FALSE
	EndGlobalSection
EndGlobal
