
Microsoft Visual Studio Solution File, Format Version 12.00
# Visual Studio 2012
Project("{2150E333-8FDC-42A3-9474-1A3956D46DE8}") = "lib", "lib", "{A26091BC-17A1-4770-AD1C-8B2EB2F04FF8}"
EndProject
Project("{2150E333-8FDC-42A3-9474-1A3956D46DE8}") = "PasswordProvider", "PasswordProvider", "{18B3B5B1-0503-40AB-9A97-ABB6589BE34B}"
EndProject
Project("{D954291E-2A0B-460D-934E-DC6B0785DB48}") = "SecureStringPasswordProvider", "..\lib\PasswordProvider\portable\SecureStringPasswordProvider\SecureStringPasswordProvider.shproj", "{25A7AAE3-E76A-4C4F-AA0E-24983166C37D}"
EndProject
Project("{FAE04EC0-301F-11D3-BF4B-00C04F79EFBC}") = "Sitecore.MobileSDK.PasswordProvider.Interface", "..\lib\PasswordProvider\portable\SitecoreMobileSdkPasswordProvider\Sitecore.MobileSDK.PasswordProvider.Interface.csproj", "{079D5D12-FF8E-46D4-8AFC-06CBF5A736C7}"
EndProject
Project("{FAE04EC0-301F-11D3-BF4B-00C04F79EFBC}") = "Sitecore.MobileSDK.PasswordProvider.iOS.UnifiedAPI", "..\lib\PasswordProvider\iOS\Sitecore.MobileSDK.PasswordProvider.iOS.UnifiedAPI\Sitecore.MobileSDK.PasswordProvider.iOS.UnifiedAPI.csproj", "{F973D9C9-61F3-417F-92D1-F32E0CB59187}"
EndProject
Project("{D954291E-2A0B-460D-934E-DC6B0785DB48}") = "Sitecore.MobileSDK.MockObjects.Shared", "..\test\Portable\SitecoreMobileSDK-MockObjects-Shared\Sitecore.MobileSDK.MockObjects.Shared.shproj", "{8007ADBC-4501-447F-BE99-E628A481BB3F}"
EndProject
Project("{FAE04EC0-301F-11D3-BF4B-00C04F79EFBC}") = "Sitecore.MobileSDK", "..\lib\SitecoreMobileSDK-PCL\Sitecore.MobileSDK.csproj", "{D247D253-0923-4541-90B5-0F5E6304C33F}"
EndProject
Project("{FAE04EC0-301F-11D3-BF4B-00C04F79EFBC}") = "Sitecore.MobileSDK.MockObjects", "..\test\Portable\SitecoreMobileSDK-MockObjects\Sitecore.MobileSDK.MockObjects.csproj", "{B99EEE93-6176-438F-B601-E0382545166A}"
EndProject
Project("{2150E333-8FDC-42A3-9474-1A3956D46DE8}") = "Unit Test", "Unit Test", "{401EE823-ED79-453F-B39D-6CE07492C811}"
EndProject
Project("{D954291E-2A0B-460D-934E-DC6B0785DB48}") = "MobileSDK-UnitTest", "..\test\Portable\MobileSDK-UnitTest\MobileSDK-UnitTest.shproj", "{8A52A2A6-20A1-42BD-B586-242F77089B1D}"
EndProject
Project("{FAE04EC0-301F-11D3-BF4B-00C04F79EFBC}") = "MobileSDK-UnitTest-iOS-Unified", "..\test\iOS\MobileSDK-UnitTest-iOS-Unified\MobileSDK-UnitTest-iOS-Unified.csproj", "{014138C6-8396-460C-8D8C-5FCEB5FD83E5}"
EndProject
Project("{2150E333-8FDC-42A3-9474-1A3956D46DE8}") = "Integration Test", "Integration Test", "{E0E03E8E-2782-4217-9146-5A706CB30487}"
EndProject
Project("{D954291E-2A0B-460D-934E-DC6B0785DB48}") = "MobileSDK-IntegrationTest", "..\test\Portable\MobileSDK-IntegrationTest\MobileSDK-IntegrationTest.shproj", "{2B6EF2C4-3AE1-414B-8833-3A0D25A0AFB0}"
EndProject
Project("{FAE04EC0-301F-11D3-BF4B-00C04F79EFBC}") = "MobileSDK-IntegrationTest-iOS-Unified", "..\test\iOS\MobileSDK-IntegrationTest-iOS-Unified\MobileSDK-IntegrationTest-iOS-Unified.csproj", "{36B3E8FB-1C45-4EB6-9D5F-11A034FE1A64}"
EndProject
Global
	GlobalSection(SolutionConfigurationPlatforms) = preSolution
		Ad-Hoc|iPhone = Ad-Hoc|iPhone
		Ad-Hoc|iPhoneSimulator = Ad-Hoc|iPhoneSimulator
		AppStore|iPhone = AppStore|iPhone
		AppStore|iPhoneSimulator = AppStore|iPhoneSimulator
		Debug|iPhone = Debug|iPhone
		Debug|iPhoneSimulator = Debug|iPhoneSimulator
		Release|iPhone = Release|iPhone
		Release|iPhoneSimulator = Release|iPhoneSimulator
	EndGlobalSection
	GlobalSection(ProjectConfigurationPlatforms) = postSolution
		{014138C6-8396-460C-8D8C-5FCEB5FD83E5}.Ad-Hoc|iPhone.ActiveCfg = Ad-Hoc|iPhone
		{014138C6-8396-460C-8D8C-5FCEB5FD83E5}.Ad-Hoc|iPhone.Build.0 = Ad-Hoc|iPhone
		{014138C6-8396-460C-8D8C-5FCEB5FD83E5}.Ad-Hoc|iPhoneSimulator.ActiveCfg = Ad-Hoc|iPhone
		{014138C6-8396-460C-8D8C-5FCEB5FD83E5}.Ad-Hoc|iPhoneSimulator.Build.0 = Ad-Hoc|iPhone
		{014138C6-8396-460C-8D8C-5FCEB5FD83E5}.AppStore|iPhone.ActiveCfg = AppStore|iPhone
		{014138C6-8396-460C-8D8C-5FCEB5FD83E5}.AppStore|iPhone.Build.0 = AppStore|iPhone
		{014138C6-8396-460C-8D8C-5FCEB5FD83E5}.AppStore|iPhoneSimulator.ActiveCfg = Ad-Hoc|iPhone
		{014138C6-8396-460C-8D8C-5FCEB5FD83E5}.AppStore|iPhoneSimulator.Build.0 = Ad-Hoc|iPhone
		{014138C6-8396-460C-8D8C-5FCEB5FD83E5}.Debug|iPhone.ActiveCfg = Debug|iPhone
		{014138C6-8396-460C-8D8C-5FCEB5FD83E5}.Debug|iPhone.Build.0 = Debug|iPhone
		{014138C6-8396-460C-8D8C-5FCEB5FD83E5}.Debug|iPhoneSimulator.ActiveCfg = Debug|iPhoneSimulator
		{014138C6-8396-460C-8D8C-5FCEB5FD83E5}.Debug|iPhoneSimulator.Build.0 = Debug|iPhoneSimulator
		{014138C6-8396-460C-8D8C-5FCEB5FD83E5}.Release|iPhone.ActiveCfg = Release|iPhone
		{014138C6-8396-460C-8D8C-5FCEB5FD83E5}.Release|iPhone.Build.0 = Release|iPhone
		{014138C6-8396-460C-8D8C-5FCEB5FD83E5}.Release|iPhoneSimulator.ActiveCfg = Release|iPhoneSimulator
		{014138C6-8396-460C-8D8C-5FCEB5FD83E5}.Release|iPhoneSimulator.Build.0 = Release|iPhoneSimulator
		{079D5D12-FF8E-46D4-8AFC-06CBF5A736C7}.Ad-Hoc|iPhone.ActiveCfg = Release|Any CPU
		{079D5D12-FF8E-46D4-8AFC-06CBF5A736C7}.Ad-Hoc|iPhone.Build.0 = Release|Any CPU
		{079D5D12-FF8E-46D4-8AFC-06CBF5A736C7}.Ad-Hoc|iPhoneSimulator.ActiveCfg = Release|Any CPU
		{079D5D12-FF8E-46D4-8AFC-06CBF5A736C7}.Ad-Hoc|iPhoneSimulator.Build.0 = Release|Any CPU
		{079D5D12-FF8E-46D4-8AFC-06CBF5A736C7}.AppStore|iPhone.ActiveCfg = Release|Any CPU
		{079D5D12-FF8E-46D4-8AFC-06CBF5A736C7}.AppStore|iPhone.Build.0 = Release|Any CPU
		{079D5D12-FF8E-46D4-8AFC-06CBF5A736C7}.AppStore|iPhoneSimulator.ActiveCfg = Release|Any CPU
		{079D5D12-FF8E-46D4-8AFC-06CBF5A736C7}.AppStore|iPhoneSimulator.Build.0 = Release|Any CPU
		{079D5D12-FF8E-46D4-8AFC-06CBF5A736C7}.Debug|iPhone.ActiveCfg = Debug|Any CPU
		{079D5D12-FF8E-46D4-8AFC-06CBF5A736C7}.Debug|iPhone.Build.0 = Debug|Any CPU
		{079D5D12-FF8E-46D4-8AFC-06CBF5A736C7}.Debug|iPhoneSimulator.ActiveCfg = Debug|Any CPU
		{079D5D12-FF8E-46D4-8AFC-06CBF5A736C7}.Debug|iPhoneSimulator.Build.0 = Debug|Any CPU
		{079D5D12-FF8E-46D4-8AFC-06CBF5A736C7}.Release|iPhone.ActiveCfg = Release|Any CPU
		{079D5D12-FF8E-46D4-8AFC-06CBF5A736C7}.Release|iPhone.Build.0 = Release|Any CPU
		{079D5D12-FF8E-46D4-8AFC-06CBF5A736C7}.Release|iPhoneSimulator.ActiveCfg = Release|Any CPU
		{079D5D12-FF8E-46D4-8AFC-06CBF5A736C7}.Release|iPhoneSimulator.Build.0 = Release|Any CPU
		{36B3E8FB-1C45-4EB6-9D5F-11A034FE1A64}.Ad-Hoc|iPhone.ActiveCfg = Ad-Hoc|iPhone
		{36B3E8FB-1C45-4EB6-9D5F-11A034FE1A64}.Ad-Hoc|iPhone.Build.0 = Ad-Hoc|iPhone
		{36B3E8FB-1C45-4EB6-9D5F-11A034FE1A64}.Ad-Hoc|iPhoneSimulator.ActiveCfg = Ad-Hoc|iPhone
		{36B3E8FB-1C45-4EB6-9D5F-11A034FE1A64}.Ad-Hoc|iPhoneSimulator.Build.0 = Ad-Hoc|iPhone
		{36B3E8FB-1C45-4EB6-9D5F-11A034FE1A64}.AppStore|iPhone.ActiveCfg = AppStore|iPhone
		{36B3E8FB-1C45-4EB6-9D5F-11A034FE1A64}.AppStore|iPhone.Build.0 = AppStore|iPhone
		{36B3E8FB-1C45-4EB6-9D5F-11A034FE1A64}.AppStore|iPhoneSimulator.ActiveCfg = Ad-Hoc|iPhone
		{36B3E8FB-1C45-4EB6-9D5F-11A034FE1A64}.AppStore|iPhoneSimulator.Build.0 = Ad-Hoc|iPhone
		{36B3E8FB-1C45-4EB6-9D5F-11A034FE1A64}.Debug|iPhone.ActiveCfg = Debug|iPhone
		{36B3E8FB-1C45-4EB6-9D5F-11A034FE1A64}.Debug|iPhone.Build.0 = Debug|iPhone
		{36B3E8FB-1C45-4EB6-9D5F-11A034FE1A64}.Debug|iPhoneSimulator.ActiveCfg = Debug|iPhoneSimulator
		{36B3E8FB-1C45-4EB6-9D5F-11A034FE1A64}.Debug|iPhoneSimulator.Build.0 = Debug|iPhoneSimulator
		{36B3E8FB-1C45-4EB6-9D5F-11A034FE1A64}.Release|iPhone.ActiveCfg = Release|iPhone
		{36B3E8FB-1C45-4EB6-9D5F-11A034FE1A64}.Release|iPhone.Build.0 = Release|iPhone
		{36B3E8FB-1C45-4EB6-9D5F-11A034FE1A64}.Release|iPhoneSimulator.ActiveCfg = Release|iPhoneSimulator
		{36B3E8FB-1C45-4EB6-9D5F-11A034FE1A64}.Release|iPhoneSimulator.Build.0 = Release|iPhoneSimulator
		{B99EEE93-6176-438F-B601-E0382545166A}.Ad-Hoc|iPhone.ActiveCfg = Release|Any CPU
		{B99EEE93-6176-438F-B601-E0382545166A}.Ad-Hoc|iPhone.Build.0 = Release|Any CPU
		{B99EEE93-6176-438F-B601-E0382545166A}.Ad-Hoc|iPhoneSimulator.ActiveCfg = Release|Any CPU
		{B99EEE93-6176-438F-B601-E0382545166A}.Ad-Hoc|iPhoneSimulator.Build.0 = Release|Any CPU
		{B99EEE93-6176-438F-B601-E0382545166A}.AppStore|iPhone.ActiveCfg = Release|Any CPU
		{B99EEE93-6176-438F-B601-E0382545166A}.AppStore|iPhone.Build.0 = Release|Any CPU
		{B99EEE93-6176-438F-B601-E0382545166A}.AppStore|iPhoneSimulator.ActiveCfg = Release|Any CPU
		{B99EEE93-6176-438F-B601-E0382545166A}.AppStore|iPhoneSimulator.Build.0 = Release|Any CPU
		{B99EEE93-6176-438F-B601-E0382545166A}.Debug|iPhone.ActiveCfg = Debug|Any CPU
		{B99EEE93-6176-438F-B601-E0382545166A}.Debug|iPhone.Build.0 = Debug|Any CPU
		{B99EEE93-6176-438F-B601-E0382545166A}.Debug|iPhoneSimulator.ActiveCfg = Debug|Any CPU
		{B99EEE93-6176-438F-B601-E0382545166A}.Debug|iPhoneSimulator.Build.0 = Debug|Any CPU
		{B99EEE93-6176-438F-B601-E0382545166A}.Release|iPhone.ActiveCfg = Release|Any CPU
		{B99EEE93-6176-438F-B601-E0382545166A}.Release|iPhone.Build.0 = Release|Any CPU
		{B99EEE93-6176-438F-B601-E0382545166A}.Release|iPhoneSimulator.ActiveCfg = Release|Any CPU
		{B99EEE93-6176-438F-B601-E0382545166A}.Release|iPhoneSimulator.Build.0 = Release|Any CPU
		{D247D253-0923-4541-90B5-0F5E6304C33F}.Ad-Hoc|iPhone.ActiveCfg = Release|Any CPU
		{D247D253-0923-4541-90B5-0F5E6304C33F}.Ad-Hoc|iPhone.Build.0 = Release|Any CPU
		{D247D253-0923-4541-90B5-0F5E6304C33F}.Ad-Hoc|iPhoneSimulator.ActiveCfg = Release|Any CPU
		{D247D253-0923-4541-90B5-0F5E6304C33F}.Ad-Hoc|iPhoneSimulator.Build.0 = Release|Any CPU
		{D247D253-0923-4541-90B5-0F5E6304C33F}.AppStore|iPhone.ActiveCfg = Release|Any CPU
		{D247D253-0923-4541-90B5-0F5E6304C33F}.AppStore|iPhone.Build.0 = Release|Any CPU
		{D247D253-0923-4541-90B5-0F5E6304C33F}.AppStore|iPhoneSimulator.ActiveCfg = Release|Any CPU
		{D247D253-0923-4541-90B5-0F5E6304C33F}.AppStore|iPhoneSimulator.Build.0 = Release|Any CPU
		{D247D253-0923-4541-90B5-0F5E6304C33F}.Debug|iPhone.ActiveCfg = Debug|Any CPU
		{D247D253-0923-4541-90B5-0F5E6304C33F}.Debug|iPhone.Build.0 = Debug|Any CPU
		{D247D253-0923-4541-90B5-0F5E6304C33F}.Debug|iPhoneSimulator.ActiveCfg = Debug|Any CPU
		{D247D253-0923-4541-90B5-0F5E6304C33F}.Debug|iPhoneSimulator.Build.0 = Debug|Any CPU
		{D247D253-0923-4541-90B5-0F5E6304C33F}.Release|iPhone.ActiveCfg = Release|Any CPU
		{D247D253-0923-4541-90B5-0F5E6304C33F}.Release|iPhone.Build.0 = Release|Any CPU
		{D247D253-0923-4541-90B5-0F5E6304C33F}.Release|iPhoneSimulator.ActiveCfg = Release|Any CPU
		{D247D253-0923-4541-90B5-0F5E6304C33F}.Release|iPhoneSimulator.Build.0 = Release|Any CPU
		{F973D9C9-61F3-417F-92D1-F32E0CB59187}.Ad-Hoc|iPhone.ActiveCfg = Release|Any CPU
		{F973D9C9-61F3-417F-92D1-F32E0CB59187}.Ad-Hoc|iPhone.Build.0 = Release|Any CPU
		{F973D9C9-61F3-417F-92D1-F32E0CB59187}.Ad-Hoc|iPhoneSimulator.ActiveCfg = Release|Any CPU
		{F973D9C9-61F3-417F-92D1-F32E0CB59187}.Ad-Hoc|iPhoneSimulator.Build.0 = Release|Any CPU
		{F973D9C9-61F3-417F-92D1-F32E0CB59187}.AppStore|iPhone.ActiveCfg = Release|Any CPU
		{F973D9C9-61F3-417F-92D1-F32E0CB59187}.AppStore|iPhone.Build.0 = Release|Any CPU
		{F973D9C9-61F3-417F-92D1-F32E0CB59187}.AppStore|iPhoneSimulator.ActiveCfg = Release|Any CPU
		{F973D9C9-61F3-417F-92D1-F32E0CB59187}.AppStore|iPhoneSimulator.Build.0 = Release|Any CPU
		{F973D9C9-61F3-417F-92D1-F32E0CB59187}.Debug|iPhone.ActiveCfg = Debug|Any CPU
		{F973D9C9-61F3-417F-92D1-F32E0CB59187}.Debug|iPhone.Build.0 = Debug|Any CPU
		{F973D9C9-61F3-417F-92D1-F32E0CB59187}.Debug|iPhoneSimulator.ActiveCfg = Debug|Any CPU
		{F973D9C9-61F3-417F-92D1-F32E0CB59187}.Debug|iPhoneSimulator.Build.0 = Debug|Any CPU
		{F973D9C9-61F3-417F-92D1-F32E0CB59187}.Release|iPhone.ActiveCfg = Release|Any CPU
		{F973D9C9-61F3-417F-92D1-F32E0CB59187}.Release|iPhone.Build.0 = Release|Any CPU
		{F973D9C9-61F3-417F-92D1-F32E0CB59187}.Release|iPhoneSimulator.ActiveCfg = Release|Any CPU
		{F973D9C9-61F3-417F-92D1-F32E0CB59187}.Release|iPhoneSimulator.Build.0 = Release|Any CPU
	EndGlobalSection
	GlobalSection(NestedProjects) = preSolution
		{18B3B5B1-0503-40AB-9A97-ABB6589BE34B} = {A26091BC-17A1-4770-AD1C-8B2EB2F04FF8}
		{8007ADBC-4501-447F-BE99-E628A481BB3F} = {A26091BC-17A1-4770-AD1C-8B2EB2F04FF8}
		{D247D253-0923-4541-90B5-0F5E6304C33F} = {A26091BC-17A1-4770-AD1C-8B2EB2F04FF8}
		{B99EEE93-6176-438F-B601-E0382545166A} = {A26091BC-17A1-4770-AD1C-8B2EB2F04FF8}
		{25A7AAE3-E76A-4C4F-AA0E-24983166C37D} = {18B3B5B1-0503-40AB-9A97-ABB6589BE34B}
		{079D5D12-FF8E-46D4-8AFC-06CBF5A736C7} = {18B3B5B1-0503-40AB-9A97-ABB6589BE34B}
		{F973D9C9-61F3-417F-92D1-F32E0CB59187} = {18B3B5B1-0503-40AB-9A97-ABB6589BE34B}
		{8A52A2A6-20A1-42BD-B586-242F77089B1D} = {401EE823-ED79-453F-B39D-6CE07492C811}
		{014138C6-8396-460C-8D8C-5FCEB5FD83E5} = {401EE823-ED79-453F-B39D-6CE07492C811}
		{2B6EF2C4-3AE1-414B-8833-3A0D25A0AFB0} = {E0E03E8E-2782-4217-9146-5A706CB30487}
		{36B3E8FB-1C45-4EB6-9D5F-11A034FE1A64} = {E0E03E8E-2782-4217-9146-5A706CB30487}
	EndGlobalSection
	GlobalSection(SolutionProperties) = preSolution
		HideSolutionNode = FALSE
	EndGlobalSection
EndGlobal
