
Microsoft Visual Studio Solution File, Format Version 12.00
# Visual Studio 2013
VisualStudioVersion = 12.0.21005.1
MinimumVisualStudioVersion = 10.0.40219.1

Project("{FAE04EC0-301F-11D3-BF4B-00C04F79EFBC}") = "SitecoreMobileSDK", "..\lib\SitecoreMobileSDK-PCL\SitecoreMobileSDK.csproj", "{D247D253-0923-4541-90B5-0F5E6304C33F}"
EndProject

Project("{FAE04EC0-301F-11D3-BF4B-00C04F79EFBC}") = "MobileSdk-IntegrationTest-Desktop", "..\test\Desktop\MobileSdk-IntegrationTest-Desktop\MobileSdk-IntegrationTest-Desktop.csproj", "{94CDE59C-A7D2-412A-B8B9-EF92885654A1}"
EndProject

Project("{FAE04EC0-301F-11D3-BF4B-00C04F79EFBC}") = "SitecoreMobileSDK-MockObjects", "..\test\Portable\SitecoreMobileSDK-MockObjects\SitecoreMobileSDK-MockObjects.csproj", "{B99EEE93-6176-438F-B601-E0382545166A}"

Project("{2150E333-8FDC-42A3-9474-1A3956D46DE8}") = ".nuget", ".nuget", "{0408FA04-BB8C-4DF1-9597-E5CD3DD291B3}"
	ProjectSection(SolutionItems) = preProject
		.nuget\NuGet.Config = .nuget\NuGet.Config
		.nuget\NuGet.exe = .nuget\NuGet.exe
		.nuget\NuGet.targets = .nuget\NuGet.targets
	EndProjectSection
EndProject

Global
	GlobalSection(SolutionConfigurationPlatforms) = preSolution
		Debug|Any CPU = Debug|Any CPU
		Release|Any CPU = Release|Any CPU
	EndGlobalSection
	GlobalSection(ProjectConfigurationPlatforms) = postSolution
		{D247D253-0923-4541-90B5-0F5E6304C33F}.Debug|Any CPU.ActiveCfg = Debug|Any CPU
		{D247D253-0923-4541-90B5-0F5E6304C33F}.Debug|Any CPU.Build.0 = Debug|Any CPU
		{D247D253-0923-4541-90B5-0F5E6304C33F}.Release|Any CPU.ActiveCfg = Release|Any CPU
		{D247D253-0923-4541-90B5-0F5E6304C33F}.Release|Any CPU.Build.0 = Release|Any CPU
		{94CDE59C-A7D2-412A-B8B9-EF92885654A1}.Debug|Any CPU.ActiveCfg = Debug|Any CPU
		{94CDE59C-A7D2-412A-B8B9-EF92885654A1}.Debug|Any CPU.Build.0 = Debug|Any CPU
		{94CDE59C-A7D2-412A-B8B9-EF92885654A1}.Release|Any CPU.ActiveCfg = Release|Any CPU
		{94CDE59C-A7D2-412A-B8B9-EF92885654A1}.Release|Any CPU.Build.0 = Release|Any CPU
		{B99EEE93-6176-438F-B601-E0382545166A}.Debug|Any CPU.ActiveCfg = Debug|Any CPU
		{B99EEE93-6176-438F-B601-E0382545166A}.Debug|Any CPU.Build.0 = Debug|Any CPU
		{B99EEE93-6176-438F-B601-E0382545166A}.Release|Any CPU.ActiveCfg = Release|Any CPU
		{B99EEE93-6176-438F-B601-E0382545166A}.Release|Any CPU.Build.0 = Release|Any CPU
	EndGlobalSection
	GlobalSection(SolutionProperties) = preSolution
		HideSolutionNode = FALSE
	EndGlobalSection
EndGlobal
