
Microsoft Visual Studio Solution File, Format Version 12.00
# Visual Studio 2012
Project("{2150E333-8FDC-42A3-9474-1A3956D46DE8}") = "PasswordProvider", "PasswordProvider", "{09E9EE90-DF7E-41F4-BA6A-9231689AB21C}"
EndProject
Project("{D954291E-2A0B-460D-934E-DC6B0785DB48}") = "SecureStringPasswordProvider", "..\lib\PasswordProvider\portable\SecureStringPasswordProvider\SecureStringPasswordProvider.shproj", "{25A7AAE3-E76A-4C4F-AA0E-24983166C37D}"
EndProject
Project("{FAE04EC0-301F-11D3-BF4B-00C04F79EFBC}") = "Sitecore.MobileSDK.PasswordProvider.Interface", "..\lib\PasswordProvider\portable\SitecoreMobileSdkPasswordProvider\Sitecore.MobileSDK.PasswordProvider.Interface.csproj", "{079D5D12-FF8E-46D4-8AFC-06CBF5A736C7}"
EndProject
Project("{FAE04EC0-301F-11D3-BF4B-00C04F79EFBC}") = "Sitecore.MobileSDK.PasswordProvider.iOS", "..\lib\PasswordProvider\iOS\Sitecore.MobileSDK.PasswordProvider.iOS\Sitecore.MobileSDK.PasswordProvider.iOS.csproj", "{95ED660D-1BF8-4668-A252-A87F0D1240A6}"
EndProject
Project("{FAE04EC0-301F-11D3-BF4B-00C04F79EFBC}") = "Sitecore.MobileSDK.PasswordProvider.iOS.UnifiedAPI", "..\lib\PasswordProvider\iOS\Sitecore.MobileSDK.PasswordProvider.iOS.UnifiedAPI\Sitecore.MobileSDK.PasswordProvider.iOS.UnifiedAPI.csproj", "{F973D9C9-61F3-417F-92D1-F32E0CB59187}"
EndProject
Project("{FAE04EC0-301F-11D3-BF4B-00C04F79EFBC}") = "Sitecore.MobileSDK", "..\lib\SitecoreMobileSDK-PCL\Sitecore.MobileSDK.csproj", "{D247D253-0923-4541-90B5-0F5E6304C33F}"
EndProject
Project("{FAE04EC0-301F-11D3-BF4B-00C04F79EFBC}") = "WhiteLabel-iOS-UnifiedMigrated", "..\app\WhiteLabel\iOS\WhiteLabel-iOS-UnifiedMigrated\WhiteLabel-iOS-UnifiedMigrated.csproj", "{50EA2C35-2DB9-4EF8-8E24-2D19F9A09EB7}"
EndProject
Global
	GlobalSection(SolutionConfigurationPlatforms) = preSolution
		Debug|iPhoneSimulator = Debug|iPhoneSimulator
		Release|iPhoneSimulator = Release|iPhoneSimulator
		Debug|iPhone = Debug|iPhone
		Release|iPhone = Release|iPhone
		Ad-Hoc|iPhone = Ad-Hoc|iPhone
		AppStore|iPhone = AppStore|iPhone
	EndGlobalSection
	GlobalSection(ProjectConfigurationPlatforms) = postSolution
		{079D5D12-FF8E-46D4-8AFC-06CBF5A736C7}.Ad-Hoc|iPhone.ActiveCfg = Release|Any CPU
		{079D5D12-FF8E-46D4-8AFC-06CBF5A736C7}.Ad-Hoc|iPhone.Build.0 = Release|Any CPU
		{079D5D12-FF8E-46D4-8AFC-06CBF5A736C7}.AppStore|iPhone.ActiveCfg = Release|Any CPU
		{079D5D12-FF8E-46D4-8AFC-06CBF5A736C7}.AppStore|iPhone.Build.0 = Release|Any CPU
		{079D5D12-FF8E-46D4-8AFC-06CBF5A736C7}.Debug|iPhone.ActiveCfg = Debug|Any CPU
		{079D5D12-FF8E-46D4-8AFC-06CBF5A736C7}.Debug|iPhone.Build.0 = Debug|Any CPU
		{079D5D12-FF8E-46D4-8AFC-06CBF5A736C7}.Debug|iPhoneSimulator.ActiveCfg = Debug|Any CPU
		{079D5D12-FF8E-46D4-8AFC-06CBF5A736C7}.Debug|iPhoneSimulator.Build.0 = Debug|Any CPU
		{079D5D12-FF8E-46D4-8AFC-06CBF5A736C7}.Release|iPhone.ActiveCfg = Release|Any CPU
		{079D5D12-FF8E-46D4-8AFC-06CBF5A736C7}.Release|iPhone.Build.0 = Release|Any CPU
		{079D5D12-FF8E-46D4-8AFC-06CBF5A736C7}.Release|iPhoneSimulator.ActiveCfg = Release|Any CPU
		{079D5D12-FF8E-46D4-8AFC-06CBF5A736C7}.Release|iPhoneSimulator.Build.0 = Release|Any CPU
		{50EA2C35-2DB9-4EF8-8E24-2D19F9A09EB7}.Ad-Hoc|iPhone.ActiveCfg = Ad-Hoc|iPhone
		{50EA2C35-2DB9-4EF8-8E24-2D19F9A09EB7}.Ad-Hoc|iPhone.Build.0 = Ad-Hoc|iPhone
		{50EA2C35-2DB9-4EF8-8E24-2D19F9A09EB7}.AppStore|iPhone.ActiveCfg = AppStore|iPhone
		{50EA2C35-2DB9-4EF8-8E24-2D19F9A09EB7}.AppStore|iPhone.Build.0 = AppStore|iPhone
		{50EA2C35-2DB9-4EF8-8E24-2D19F9A09EB7}.Debug|iPhone.ActiveCfg = Debug|iPhone
		{50EA2C35-2DB9-4EF8-8E24-2D19F9A09EB7}.Debug|iPhone.Build.0 = Debug|iPhone
		{50EA2C35-2DB9-4EF8-8E24-2D19F9A09EB7}.Debug|iPhoneSimulator.ActiveCfg = Debug|iPhoneSimulator
		{50EA2C35-2DB9-4EF8-8E24-2D19F9A09EB7}.Debug|iPhoneSimulator.Build.0 = Debug|iPhoneSimulator
		{50EA2C35-2DB9-4EF8-8E24-2D19F9A09EB7}.Release|iPhone.ActiveCfg = Release|iPhone
		{50EA2C35-2DB9-4EF8-8E24-2D19F9A09EB7}.Release|iPhone.Build.0 = Release|iPhone
		{50EA2C35-2DB9-4EF8-8E24-2D19F9A09EB7}.Release|iPhoneSimulator.ActiveCfg = Release|iPhoneSimulator
		{50EA2C35-2DB9-4EF8-8E24-2D19F9A09EB7}.Release|iPhoneSimulator.Build.0 = Release|iPhoneSimulator
		{95ED660D-1BF8-4668-A252-A87F0D1240A6}.Ad-Hoc|iPhone.ActiveCfg = Release|Any CPU
		{95ED660D-1BF8-4668-A252-A87F0D1240A6}.Ad-Hoc|iPhone.Build.0 = Release|Any CPU
		{95ED660D-1BF8-4668-A252-A87F0D1240A6}.AppStore|iPhone.ActiveCfg = Release|Any CPU
		{95ED660D-1BF8-4668-A252-A87F0D1240A6}.AppStore|iPhone.Build.0 = Release|Any CPU
		{95ED660D-1BF8-4668-A252-A87F0D1240A6}.Debug|iPhone.ActiveCfg = Debug|Any CPU
		{95ED660D-1BF8-4668-A252-A87F0D1240A6}.Debug|iPhone.Build.0 = Debug|Any CPU
		{95ED660D-1BF8-4668-A252-A87F0D1240A6}.Debug|iPhoneSimulator.ActiveCfg = Debug|Any CPU
		{95ED660D-1BF8-4668-A252-A87F0D1240A6}.Debug|iPhoneSimulator.Build.0 = Debug|Any CPU
		{95ED660D-1BF8-4668-A252-A87F0D1240A6}.Release|iPhone.ActiveCfg = Release|Any CPU
		{95ED660D-1BF8-4668-A252-A87F0D1240A6}.Release|iPhone.Build.0 = Release|Any CPU
		{95ED660D-1BF8-4668-A252-A87F0D1240A6}.Release|iPhoneSimulator.ActiveCfg = Release|Any CPU
		{95ED660D-1BF8-4668-A252-A87F0D1240A6}.Release|iPhoneSimulator.Build.0 = Release|Any CPU
		{D247D253-0923-4541-90B5-0F5E6304C33F}.Ad-Hoc|iPhone.ActiveCfg = Release|Any CPU
		{D247D253-0923-4541-90B5-0F5E6304C33F}.Ad-Hoc|iPhone.Build.0 = Release|Any CPU
		{D247D253-0923-4541-90B5-0F5E6304C33F}.AppStore|iPhone.ActiveCfg = Release|Any CPU
		{D247D253-0923-4541-90B5-0F5E6304C33F}.AppStore|iPhone.Build.0 = Release|Any CPU
		{D247D253-0923-4541-90B5-0F5E6304C33F}.Debug|iPhone.ActiveCfg = Debug|Any CPU
		{D247D253-0923-4541-90B5-0F5E6304C33F}.Debug|iPhone.Build.0 = Debug|Any CPU
		{D247D253-0923-4541-90B5-0F5E6304C33F}.Debug|iPhoneSimulator.ActiveCfg = Debug|Any CPU
		{D247D253-0923-4541-90B5-0F5E6304C33F}.Debug|iPhoneSimulator.Build.0 = Debug|Any CPU
		{D247D253-0923-4541-90B5-0F5E6304C33F}.Release|iPhone.ActiveCfg = Release|Any CPU
		{D247D253-0923-4541-90B5-0F5E6304C33F}.Release|iPhone.Build.0 = Release|Any CPU
		{D247D253-0923-4541-90B5-0F5E6304C33F}.Release|iPhoneSimulator.ActiveCfg = Release|Any CPU
		{D247D253-0923-4541-90B5-0F5E6304C33F}.Release|iPhoneSimulator.Build.0 = Release|Any CPU
		{F973D9C9-61F3-417F-92D1-F32E0CB59187}.Ad-Hoc|iPhone.ActiveCfg = Release|Any CPU
		{F973D9C9-61F3-417F-92D1-F32E0CB59187}.Ad-Hoc|iPhone.Build.0 = Release|Any CPU
		{F973D9C9-61F3-417F-92D1-F32E0CB59187}.AppStore|iPhone.ActiveCfg = Release|Any CPU
		{F973D9C9-61F3-417F-92D1-F32E0CB59187}.AppStore|iPhone.Build.0 = Release|Any CPU
		{F973D9C9-61F3-417F-92D1-F32E0CB59187}.Debug|iPhone.ActiveCfg = Debug|Any CPU
		{F973D9C9-61F3-417F-92D1-F32E0CB59187}.Debug|iPhone.Build.0 = Debug|Any CPU
		{F973D9C9-61F3-417F-92D1-F32E0CB59187}.Debug|iPhoneSimulator.ActiveCfg = Debug|Any CPU
		{F973D9C9-61F3-417F-92D1-F32E0CB59187}.Debug|iPhoneSimulator.Build.0 = Debug|Any CPU
		{F973D9C9-61F3-417F-92D1-F32E0CB59187}.Release|iPhone.ActiveCfg = Release|Any CPU
		{F973D9C9-61F3-417F-92D1-F32E0CB59187}.Release|iPhone.Build.0 = Release|Any CPU
		{F973D9C9-61F3-417F-92D1-F32E0CB59187}.Release|iPhoneSimulator.ActiveCfg = Release|Any CPU
		{F973D9C9-61F3-417F-92D1-F32E0CB59187}.Release|iPhoneSimulator.Build.0 = Release|Any CPU
	EndGlobalSection
	GlobalSection(NestedProjects) = preSolution
		{25A7AAE3-E76A-4C4F-AA0E-24983166C37D} = {09E9EE90-DF7E-41F4-BA6A-9231689AB21C}
		{079D5D12-FF8E-46D4-8AFC-06CBF5A736C7} = {09E9EE90-DF7E-41F4-BA6A-9231689AB21C}
		{95ED660D-1BF8-4668-A252-A87F0D1240A6} = {09E9EE90-DF7E-41F4-BA6A-9231689AB21C}
		{F973D9C9-61F3-417F-92D1-F32E0CB59187} = {09E9EE90-DF7E-41F4-BA6A-9231689AB21C}
	EndGlobalSection
	GlobalSection(MonoDevelopProperties) = preSolution
		StartupItem = ..\app\WhiteLabel\iOS\WhiteLabel-iOS-Unified\WhiteLabel-iOS-Unified.csproj
	EndGlobalSection
EndGlobal
