
Microsoft Visual Studio Solution File, Format Version 12.00
# Visual Studio 2013
VisualStudioVersion = 12.0.30723.0
MinimumVisualStudioVersion = 10.0.40219.1
Project("{FAE04EC0-301F-11D3-BF4B-00C04F79EFBC}") = "WhiteLabel-Android", "..\app\WhiteLabel\Android\WhiteLabel-Android\WhiteLabel-Android.csproj", "{0FB3744C-B9F5-4565-A6B8-F7019F840B20}"
EndProject
Project("{FAE04EC0-301F-11D3-BF4B-00C04F79EFBC}") = "SitecoreMobileSDK", "..\lib\SitecoreMobileSDK-PCL\SitecoreMobileSDK.csproj", "{D247D253-0923-4541-90B5-0F5E6304C33F}"
EndProject
Project("{2150E333-8FDC-42A3-9474-1A3956D46DE8}") = "password", "password", "{EA5CF35A-5F60-48AE-B802-A3A3F44E8EDA}"
EndProject
Project("{D954291E-2A0B-460D-934E-DC6B0785DB48}") = "SecureStringPasswordProvider", "..\lib\PasswordProvider\portable\SecureStringPasswordProvider\SecureStringPasswordProvider.shproj", "{25A7AAE3-E76A-4C4F-AA0E-24983166C37D}"
EndProject
Project("{FAE04EC0-301F-11D3-BF4B-00C04F79EFBC}") = "SitecoreMobileSdkPasswordProvider", "..\lib\PasswordProvider\portable\SitecoreMobileSdkPasswordProvider\SitecoreMobileSdkPasswordProvider.csproj", "{079D5D12-FF8E-46D4-8AFC-06CBF5A736C7}"
EndProject
Project("{FAE04EC0-301F-11D3-BF4B-00C04F79EFBC}") = "SecureStringPasswordProvider-Android", "..\lib\PasswordProvider\Android\SecureStringPasswordProvider-Android\SecureStringPasswordProvider-Android.csproj", "{8578D879-0661-4986-A37C-D37538458981}"
EndProject
Global
	GlobalSection(SharedMSBuildProjectFiles) = preSolution
		..\lib\PasswordProvider\portable\SecureStringPasswordProvider\SecureStringPasswordProvider.projitems*{25a7aae3-e76a-4c4f-aa0e-24983166c37d}*SharedItemsImports = 13
		..\lib\PasswordProvider\portable\SecureStringPasswordProvider\SecureStringPasswordProvider.projitems*{8578d879-0661-4986-a37c-d37538458981}*SharedItemsImports = 4
	EndGlobalSection
	GlobalSection(SolutionConfigurationPlatforms) = preSolution
		Ad-Hoc|Any CPU = Ad-Hoc|Any CPU
		Ad-Hoc|iPhone = Ad-Hoc|iPhone
		Ad-Hoc|iPhoneSimulator = Ad-Hoc|iPhoneSimulator
		Ad-Hoc|Mixed Platforms = Ad-Hoc|Mixed Platforms
		AppStore|Any CPU = AppStore|Any CPU
		AppStore|iPhone = AppStore|iPhone
		AppStore|iPhoneSimulator = AppStore|iPhoneSimulator
		AppStore|Mixed Platforms = AppStore|Mixed Platforms
		Debug|Any CPU = Debug|Any CPU
		Debug|iPhone = Debug|iPhone
		Debug|iPhoneSimulator = Debug|iPhoneSimulator
		Debug|Mixed Platforms = Debug|Mixed Platforms
		Release|Any CPU = Release|Any CPU
		Release|iPhone = Release|iPhone
		Release|iPhoneSimulator = Release|iPhoneSimulator
		Release|Mixed Platforms = Release|Mixed Platforms
	EndGlobalSection
	GlobalSection(ProjectConfigurationPlatforms) = postSolution
		{0FB3744C-B9F5-4565-A6B8-F7019F840B20}.Ad-Hoc|Any CPU.ActiveCfg = Release|Any CPU
		{0FB3744C-B9F5-4565-A6B8-F7019F840B20}.Ad-Hoc|Any CPU.Build.0 = Release|Any CPU
		{0FB3744C-B9F5-4565-A6B8-F7019F840B20}.Ad-Hoc|Any CPU.Deploy.0 = Release|Any CPU
		{0FB3744C-B9F5-4565-A6B8-F7019F840B20}.Ad-Hoc|iPhone.ActiveCfg = Release|Any CPU
		{0FB3744C-B9F5-4565-A6B8-F7019F840B20}.Ad-Hoc|iPhoneSimulator.ActiveCfg = Release|Any CPU
		{0FB3744C-B9F5-4565-A6B8-F7019F840B20}.Ad-Hoc|Mixed Platforms.ActiveCfg = Release|Any CPU
		{0FB3744C-B9F5-4565-A6B8-F7019F840B20}.Ad-Hoc|Mixed Platforms.Build.0 = Release|Any CPU
		{0FB3744C-B9F5-4565-A6B8-F7019F840B20}.Ad-Hoc|Mixed Platforms.Deploy.0 = Release|Any CPU
		{0FB3744C-B9F5-4565-A6B8-F7019F840B20}.AppStore|Any CPU.ActiveCfg = Release|Any CPU
		{0FB3744C-B9F5-4565-A6B8-F7019F840B20}.AppStore|Any CPU.Build.0 = Release|Any CPU
		{0FB3744C-B9F5-4565-A6B8-F7019F840B20}.AppStore|Any CPU.Deploy.0 = Release|Any CPU
		{0FB3744C-B9F5-4565-A6B8-F7019F840B20}.AppStore|iPhone.ActiveCfg = Release|Any CPU
		{0FB3744C-B9F5-4565-A6B8-F7019F840B20}.AppStore|iPhoneSimulator.ActiveCfg = Release|Any CPU
		{0FB3744C-B9F5-4565-A6B8-F7019F840B20}.AppStore|Mixed Platforms.ActiveCfg = Release|Any CPU
		{0FB3744C-B9F5-4565-A6B8-F7019F840B20}.AppStore|Mixed Platforms.Build.0 = Release|Any CPU
		{0FB3744C-B9F5-4565-A6B8-F7019F840B20}.AppStore|Mixed Platforms.Deploy.0 = Release|Any CPU
		{0FB3744C-B9F5-4565-A6B8-F7019F840B20}.Debug|Any CPU.ActiveCfg = Debug|Any CPU
		{0FB3744C-B9F5-4565-A6B8-F7019F840B20}.Debug|Any CPU.Build.0 = Debug|Any CPU
		{0FB3744C-B9F5-4565-A6B8-F7019F840B20}.Debug|Any CPU.Deploy.0 = Debug|Any CPU
		{0FB3744C-B9F5-4565-A6B8-F7019F840B20}.Debug|iPhone.ActiveCfg = Debug|Any CPU
		{0FB3744C-B9F5-4565-A6B8-F7019F840B20}.Debug|iPhoneSimulator.ActiveCfg = Debug|Any CPU
		{0FB3744C-B9F5-4565-A6B8-F7019F840B20}.Debug|Mixed Platforms.ActiveCfg = Debug|Any CPU
		{0FB3744C-B9F5-4565-A6B8-F7019F840B20}.Debug|Mixed Platforms.Build.0 = Debug|Any CPU
		{0FB3744C-B9F5-4565-A6B8-F7019F840B20}.Debug|Mixed Platforms.Deploy.0 = Debug|Any CPU
		{0FB3744C-B9F5-4565-A6B8-F7019F840B20}.Release|Any CPU.ActiveCfg = Release|Any CPU
		{0FB3744C-B9F5-4565-A6B8-F7019F840B20}.Release|Any CPU.Build.0 = Release|Any CPU
		{0FB3744C-B9F5-4565-A6B8-F7019F840B20}.Release|iPhone.ActiveCfg = Release|Any CPU
		{0FB3744C-B9F5-4565-A6B8-F7019F840B20}.Release|iPhoneSimulator.ActiveCfg = Release|Any CPU
		{0FB3744C-B9F5-4565-A6B8-F7019F840B20}.Release|Mixed Platforms.ActiveCfg = Release|Any CPU
		{0FB3744C-B9F5-4565-A6B8-F7019F840B20}.Release|Mixed Platforms.Build.0 = Release|Any CPU
		{0FB3744C-B9F5-4565-A6B8-F7019F840B20}.Release|Mixed Platforms.Deploy.0 = Release|Any CPU
		{D247D253-0923-4541-90B5-0F5E6304C33F}.Ad-Hoc|Any CPU.ActiveCfg = Release|Any CPU
		{D247D253-0923-4541-90B5-0F5E6304C33F}.Ad-Hoc|Any CPU.Build.0 = Release|Any CPU
		{D247D253-0923-4541-90B5-0F5E6304C33F}.Ad-Hoc|iPhone.ActiveCfg = Release|Any CPU
		{D247D253-0923-4541-90B5-0F5E6304C33F}.Ad-Hoc|iPhoneSimulator.ActiveCfg = Release|Any CPU
		{D247D253-0923-4541-90B5-0F5E6304C33F}.Ad-Hoc|Mixed Platforms.ActiveCfg = Release|Any CPU
		{D247D253-0923-4541-90B5-0F5E6304C33F}.Ad-Hoc|Mixed Platforms.Build.0 = Release|Any CPU
		{D247D253-0923-4541-90B5-0F5E6304C33F}.AppStore|Any CPU.ActiveCfg = Release|Any CPU
		{D247D253-0923-4541-90B5-0F5E6304C33F}.AppStore|Any CPU.Build.0 = Release|Any CPU
		{D247D253-0923-4541-90B5-0F5E6304C33F}.AppStore|iPhone.ActiveCfg = Release|Any CPU
		{D247D253-0923-4541-90B5-0F5E6304C33F}.AppStore|iPhoneSimulator.ActiveCfg = Release|Any CPU
		{D247D253-0923-4541-90B5-0F5E6304C33F}.AppStore|Mixed Platforms.ActiveCfg = Release|Any CPU
		{D247D253-0923-4541-90B5-0F5E6304C33F}.AppStore|Mixed Platforms.Build.0 = Release|Any CPU
		{D247D253-0923-4541-90B5-0F5E6304C33F}.Debug|Any CPU.ActiveCfg = Debug|Any CPU
		{D247D253-0923-4541-90B5-0F5E6304C33F}.Debug|Any CPU.Build.0 = Debug|Any CPU
		{D247D253-0923-4541-90B5-0F5E6304C33F}.Debug|iPhone.ActiveCfg = Debug|Any CPU
		{D247D253-0923-4541-90B5-0F5E6304C33F}.Debug|iPhoneSimulator.ActiveCfg = Debug|Any CPU
		{D247D253-0923-4541-90B5-0F5E6304C33F}.Debug|Mixed Platforms.ActiveCfg = Debug|Any CPU
		{D247D253-0923-4541-90B5-0F5E6304C33F}.Debug|Mixed Platforms.Build.0 = Debug|Any CPU
		{D247D253-0923-4541-90B5-0F5E6304C33F}.Release|Any CPU.ActiveCfg = Release|Any CPU
		{D247D253-0923-4541-90B5-0F5E6304C33F}.Release|Any CPU.Build.0 = Release|Any CPU
		{D247D253-0923-4541-90B5-0F5E6304C33F}.Release|iPhone.ActiveCfg = Release|Any CPU
		{D247D253-0923-4541-90B5-0F5E6304C33F}.Release|iPhoneSimulator.ActiveCfg = Release|Any CPU
		{D247D253-0923-4541-90B5-0F5E6304C33F}.Release|Mixed Platforms.ActiveCfg = Release|Any CPU
		{D247D253-0923-4541-90B5-0F5E6304C33F}.Release|Mixed Platforms.Build.0 = Release|Any CPU
		{079D5D12-FF8E-46D4-8AFC-06CBF5A736C7}.Ad-Hoc|Any CPU.ActiveCfg = Release|Any CPU
		{079D5D12-FF8E-46D4-8AFC-06CBF5A736C7}.Ad-Hoc|Any CPU.Build.0 = Release|Any CPU
		{079D5D12-FF8E-46D4-8AFC-06CBF5A736C7}.Ad-Hoc|iPhone.ActiveCfg = Release|Any CPU
		{079D5D12-FF8E-46D4-8AFC-06CBF5A736C7}.Ad-Hoc|iPhoneSimulator.ActiveCfg = Release|Any CPU
		{079D5D12-FF8E-46D4-8AFC-06CBF5A736C7}.Ad-Hoc|Mixed Platforms.ActiveCfg = Release|Any CPU
		{079D5D12-FF8E-46D4-8AFC-06CBF5A736C7}.Ad-Hoc|Mixed Platforms.Build.0 = Release|Any CPU
		{079D5D12-FF8E-46D4-8AFC-06CBF5A736C7}.AppStore|Any CPU.ActiveCfg = Release|Any CPU
		{079D5D12-FF8E-46D4-8AFC-06CBF5A736C7}.AppStore|Any CPU.Build.0 = Release|Any CPU
		{079D5D12-FF8E-46D4-8AFC-06CBF5A736C7}.AppStore|iPhone.ActiveCfg = Release|Any CPU
		{079D5D12-FF8E-46D4-8AFC-06CBF5A736C7}.AppStore|iPhoneSimulator.ActiveCfg = Release|Any CPU
		{079D5D12-FF8E-46D4-8AFC-06CBF5A736C7}.AppStore|Mixed Platforms.ActiveCfg = Release|Any CPU
		{079D5D12-FF8E-46D4-8AFC-06CBF5A736C7}.AppStore|Mixed Platforms.Build.0 = Release|Any CPU
		{079D5D12-FF8E-46D4-8AFC-06CBF5A736C7}.Debug|Any CPU.ActiveCfg = Debug|Any CPU
		{079D5D12-FF8E-46D4-8AFC-06CBF5A736C7}.Debug|Any CPU.Build.0 = Debug|Any CPU
		{079D5D12-FF8E-46D4-8AFC-06CBF5A736C7}.Debug|iPhone.ActiveCfg = Debug|Any CPU
		{079D5D12-FF8E-46D4-8AFC-06CBF5A736C7}.Debug|iPhoneSimulator.ActiveCfg = Debug|Any CPU
		{079D5D12-FF8E-46D4-8AFC-06CBF5A736C7}.Debug|Mixed Platforms.ActiveCfg = Debug|Any CPU
		{079D5D12-FF8E-46D4-8AFC-06CBF5A736C7}.Debug|Mixed Platforms.Build.0 = Debug|Any CPU
		{079D5D12-FF8E-46D4-8AFC-06CBF5A736C7}.Release|Any CPU.ActiveCfg = Release|Any CPU
		{079D5D12-FF8E-46D4-8AFC-06CBF5A736C7}.Release|Any CPU.Build.0 = Release|Any CPU
		{079D5D12-FF8E-46D4-8AFC-06CBF5A736C7}.Release|iPhone.ActiveCfg = Release|Any CPU
		{079D5D12-FF8E-46D4-8AFC-06CBF5A736C7}.Release|iPhoneSimulator.ActiveCfg = Release|Any CPU
		{079D5D12-FF8E-46D4-8AFC-06CBF5A736C7}.Release|Mixed Platforms.ActiveCfg = Release|Any CPU
		{079D5D12-FF8E-46D4-8AFC-06CBF5A736C7}.Release|Mixed Platforms.Build.0 = Release|Any CPU
		{8578D879-0661-4986-A37C-D37538458981}.Ad-Hoc|Any CPU.ActiveCfg = Release|Any CPU
		{8578D879-0661-4986-A37C-D37538458981}.Ad-Hoc|Any CPU.Build.0 = Release|Any CPU
		{8578D879-0661-4986-A37C-D37538458981}.Ad-Hoc|iPhone.ActiveCfg = Release|Any CPU
		{8578D879-0661-4986-A37C-D37538458981}.Ad-Hoc|iPhoneSimulator.ActiveCfg = Release|Any CPU
		{8578D879-0661-4986-A37C-D37538458981}.Ad-Hoc|Mixed Platforms.ActiveCfg = Release|Any CPU
		{8578D879-0661-4986-A37C-D37538458981}.Ad-Hoc|Mixed Platforms.Build.0 = Release|Any CPU
		{8578D879-0661-4986-A37C-D37538458981}.AppStore|Any CPU.ActiveCfg = Release|Any CPU
		{8578D879-0661-4986-A37C-D37538458981}.AppStore|Any CPU.Build.0 = Release|Any CPU
		{8578D879-0661-4986-A37C-D37538458981}.AppStore|iPhone.ActiveCfg = Release|Any CPU
		{8578D879-0661-4986-A37C-D37538458981}.AppStore|iPhoneSimulator.ActiveCfg = Release|Any CPU
		{8578D879-0661-4986-A37C-D37538458981}.AppStore|Mixed Platforms.ActiveCfg = Release|Any CPU
		{8578D879-0661-4986-A37C-D37538458981}.AppStore|Mixed Platforms.Build.0 = Release|Any CPU
		{8578D879-0661-4986-A37C-D37538458981}.Debug|Any CPU.ActiveCfg = Debug|Any CPU
		{8578D879-0661-4986-A37C-D37538458981}.Debug|Any CPU.Build.0 = Debug|Any CPU
		{8578D879-0661-4986-A37C-D37538458981}.Debug|iPhone.ActiveCfg = Debug|Any CPU
		{8578D879-0661-4986-A37C-D37538458981}.Debug|iPhoneSimulator.ActiveCfg = Debug|Any CPU
		{8578D879-0661-4986-A37C-D37538458981}.Debug|Mixed Platforms.ActiveCfg = Debug|Any CPU
		{8578D879-0661-4986-A37C-D37538458981}.Debug|Mixed Platforms.Build.0 = Debug|Any CPU
		{8578D879-0661-4986-A37C-D37538458981}.Release|Any CPU.ActiveCfg = Release|Any CPU
		{8578D879-0661-4986-A37C-D37538458981}.Release|Any CPU.Build.0 = Release|Any CPU
		{8578D879-0661-4986-A37C-D37538458981}.Release|iPhone.ActiveCfg = Release|Any CPU
		{8578D879-0661-4986-A37C-D37538458981}.Release|iPhoneSimulator.ActiveCfg = Release|Any CPU
		{8578D879-0661-4986-A37C-D37538458981}.Release|Mixed Platforms.ActiveCfg = Release|Any CPU
		{8578D879-0661-4986-A37C-D37538458981}.Release|Mixed Platforms.Build.0 = Release|Any CPU
	EndGlobalSection
	GlobalSection(SolutionProperties) = preSolution
		HideSolutionNode = FALSE
	EndGlobalSection
	GlobalSection(NestedProjects) = preSolution
		{25A7AAE3-E76A-4C4F-AA0E-24983166C37D} = {EA5CF35A-5F60-48AE-B802-A3A3F44E8EDA}
		{079D5D12-FF8E-46D4-8AFC-06CBF5A736C7} = {EA5CF35A-5F60-48AE-B802-A3A3F44E8EDA}
		{8578D879-0661-4986-A37C-D37538458981} = {EA5CF35A-5F60-48AE-B802-A3A3F44E8EDA}
	EndGlobalSection
	GlobalSection(MonoDevelopProperties) = preSolution
		StartupItem = ..\app\WhiteLabel\Android\WhiteLabel-Android\WhiteLabel-Android.csproj
	EndGlobalSection
EndGlobal
