
Microsoft Visual Studio Solution File, Format Version 12.00
# Visual Studio 2012
Project("{FAE04EC0-301F-11D3-BF4B-00C04F79EFBC}") = "WhiteLabel-iOS", "..\app\WhiteLabel\iOS\WhiteLabel-iOS\WhiteLabel-iOS.csproj", "{AA5BC69A-A9BE-45F7-97B1-635D8BEB0BFE}"
EndProject
Project("{FAE04EC0-301F-11D3-BF4B-00C04F79EFBC}") = "SitecoreMobileSDK", "..\lib\SitecoreMobileSDK-PCL\SitecoreMobileSDK.csproj", "{D247D253-0923-4541-90B5-0F5E6304C33F}"
EndProject
Global
	GlobalSection(SolutionConfigurationPlatforms) = preSolution
		Debug|iPhoneSimulator = Debug|iPhoneSimulator
		Release|iPhoneSimulator = Release|iPhoneSimulator
		Debug|iPhone = Debug|iPhone
		Release|iPhone = Release|iPhone
		Ad-Hoc|iPhone = Ad-Hoc|iPhone
		AppStore|iPhone = AppStore|iPhone
	EndGlobalSection
	GlobalSection(ProjectConfigurationPlatforms) = postSolution
		{AA5BC69A-A9BE-45F7-97B1-635D8BEB0BFE}.Ad-Hoc|iPhone.ActiveCfg = Ad-Hoc|iPhone
		{AA5BC69A-A9BE-45F7-97B1-635D8BEB0BFE}.Ad-Hoc|iPhone.Build.0 = Ad-Hoc|iPhone
		{AA5BC69A-A9BE-45F7-97B1-635D8BEB0BFE}.AppStore|iPhone.ActiveCfg = AppStore|iPhone
		{AA5BC69A-A9BE-45F7-97B1-635D8BEB0BFE}.AppStore|iPhone.Build.0 = AppStore|iPhone
		{AA5BC69A-A9BE-45F7-97B1-635D8BEB0BFE}.Debug|iPhone.ActiveCfg = Debug|iPhone
		{AA5BC69A-A9BE-45F7-97B1-635D8BEB0BFE}.Debug|iPhone.Build.0 = Debug|iPhone
		{AA5BC69A-A9BE-45F7-97B1-635D8BEB0BFE}.Debug|iPhoneSimulator.ActiveCfg = Debug|iPhoneSimulator
		{AA5BC69A-A9BE-45F7-97B1-635D8BEB0BFE}.Debug|iPhoneSimulator.Build.0 = Debug|iPhoneSimulator
		{AA5BC69A-A9BE-45F7-97B1-635D8BEB0BFE}.Release|iPhone.ActiveCfg = Release|iPhone
		{AA5BC69A-A9BE-45F7-97B1-635D8BEB0BFE}.Release|iPhone.Build.0 = Release|iPhone
		{AA5BC69A-A9BE-45F7-97B1-635D8BEB0BFE}.Release|iPhoneSimulator.ActiveCfg = Release|iPhoneSimulator
		{AA5BC69A-A9BE-45F7-97B1-635D8BEB0BFE}.Release|iPhoneSimulator.Build.0 = Release|iPhoneSimulator
		{D247D253-0923-4541-90B5-0F5E6304C33F}.Ad-Hoc|iPhone.ActiveCfg = Release|Any CPU
		{D247D253-0923-4541-90B5-0F5E6304C33F}.Ad-Hoc|iPhone.Build.0 = Release|Any CPU
		{D247D253-0923-4541-90B5-0F5E6304C33F}.AppStore|iPhone.ActiveCfg = Release|Any CPU
		{D247D253-0923-4541-90B5-0F5E6304C33F}.AppStore|iPhone.Build.0 = Release|Any CPU
		{D247D253-0923-4541-90B5-0F5E6304C33F}.Debug|iPhone.ActiveCfg = Debug|Any CPU
		{D247D253-0923-4541-90B5-0F5E6304C33F}.Debug|iPhone.Build.0 = Debug|Any CPU
		{D247D253-0923-4541-90B5-0F5E6304C33F}.Debug|iPhoneSimulator.ActiveCfg = Debug|Any CPU
		{D247D253-0923-4541-90B5-0F5E6304C33F}.Debug|iPhoneSimulator.Build.0 = Debug|Any CPU
		{D247D253-0923-4541-90B5-0F5E6304C33F}.Release|iPhone.ActiveCfg = Release|Any CPU
		{D247D253-0923-4541-90B5-0F5E6304C33F}.Release|iPhone.Build.0 = Release|Any CPU
		{D247D253-0923-4541-90B5-0F5E6304C33F}.Release|iPhoneSimulator.ActiveCfg = Release|Any CPU
		{D247D253-0923-4541-90B5-0F5E6304C33F}.Release|iPhoneSimulator.Build.0 = Release|Any CPU
	EndGlobalSection
	GlobalSection(MonoDevelopProperties) = preSolution
		StartupItem = ..\app\WhiteLabel\iOS\WhiteLabel-iOS\WhiteLabel-iOS.csproj
		Policies = $0
		$0.TextStylePolicy = $1
		$1.TabWidth = 2
		$1.IndentWidth = 2
		$1.inheritsSet = VisualStudio
		$1.inheritsScope = text/plain
		$1.scope = text/x-apple-strings
		$0.TextStylePolicy = $2
		$2.TabWidth = 2
		$2.IndentWidth = 2
		$2.inheritsSet = VisualStudio
		$2.inheritsScope = text/plain
		$2.scope = text/plain
		$0.TextStylePolicy = $3
		$3.TabWidth = 2
		$3.IndentWidth = 2
		$3.inheritsSet = VisualStudio
		$3.inheritsScope = text/plain
		$3.scope = text/x-csharp
		$0.CSharpFormattingPolicy = $4
		$4.AnonymousMethodBraceStyle = NextLine
		$4.PropertyBraceStyle = NextLine
		$4.EventBraceStyle = NextLine
		$4.StatementBraceStyle = NextLine
		$4.ElseNewLinePlacement = NewLine
		$4.BeforeMethodDeclarationParentheses = False
		$4.BeforeConstructorDeclarationParentheses = False
		$4.BeforeDelegateDeclarationParentheses = False
		$4.AfterDelegateDeclarationParameterComma = True
		$4.inheritsSet = Mono
		$4.inheritsScope = text/x-csharp
		$4.scope = text/x-csharp
		$0.TextStylePolicy = $5
		$5.TabWidth = 2
		$5.IndentWidth = 2
		$5.inheritsSet = VisualStudio
		$5.inheritsScope = text/plain
		$5.scope = application/vnd.apple-xcode-storyboard
		$0.XmlFormattingPolicy = $6
		$6.inheritsSet = null
		$6.scope = application/vnd.apple-xcode-storyboard
		$0.TextStylePolicy = $7
		$7.TabWidth = 2
		$7.IndentWidth = 2
		$7.inheritsSet = VisualStudio
		$7.inheritsScope = text/plain
		$7.scope = application/xml
		$0.XmlFormattingPolicy = $8
		$8.inheritsSet = Mono
		$8.inheritsScope = application/xml
		$8.scope = application/xml
		$0.TextStylePolicy = $9
		$9.TabWidth = 2
		$9.IndentWidth = 2
		$9.inheritsSet = VisualStudio
		$9.inheritsScope = text/plain
		$9.scope = application/config+xml
		$0.XmlFormattingPolicy = $10
		$10.inheritsSet = null
		$10.scope = application/config+xml
	EndGlobalSection
EndGlobal
