
Microsoft Visual Studio Solution File, Format Version 12.00
# Visual Studio 2012
Project("{FAE04EC0-301F-11D3-BF4B-00C04F79EFBC}") = "iMobileSdkDemo", "iMobileSdkDemo.csproj", "{75B6C724-FDE5-4EF7-83E2-1CFF12AADF9C}"
EndProject
Global
	GlobalSection(SolutionConfigurationPlatforms) = preSolution
		Debug|iPhoneSimulator = Debug|iPhoneSimulator
		Release|iPhoneSimulator = Release|iPhoneSimulator
		Debug|iPhone = Debug|iPhone
		Release|iPhone = Release|iPhone
		Ad-Hoc|iPhone = Ad-Hoc|iPhone
		AppStore|iPhone = AppStore|iPhone
	EndGlobalSection
	GlobalSection(ProjectConfigurationPlatforms) = postSolution
		{75B6C724-FDE5-4EF7-83E2-1CFF12AADF9C}.Ad-Hoc|iPhone.ActiveCfg = Ad-Hoc|iPhone
		{75B6C724-FDE5-4EF7-83E2-1CFF12AADF9C}.Ad-Hoc|iPhone.Build.0 = Ad-Hoc|iPhone
		{75B6C724-FDE5-4EF7-83E2-1CFF12AADF9C}.AppStore|iPhone.ActiveCfg = AppStore|iPhone
		{75B6C724-FDE5-4EF7-83E2-1CFF12AADF9C}.AppStore|iPhone.Build.0 = AppStore|iPhone
		{75B6C724-FDE5-4EF7-83E2-1CFF12AADF9C}.Debug|iPhone.ActiveCfg = Debug|iPhone
		{75B6C724-FDE5-4EF7-83E2-1CFF12AADF9C}.Debug|iPhone.Build.0 = Debug|iPhone
		{75B6C724-FDE5-4EF7-83E2-1CFF12AADF9C}.Debug|iPhoneSimulator.ActiveCfg = Debug|iPhoneSimulator
		{75B6C724-FDE5-4EF7-83E2-1CFF12AADF9C}.Debug|iPhoneSimulator.Build.0 = Debug|iPhoneSimulator
		{75B6C724-FDE5-4EF7-83E2-1CFF12AADF9C}.Release|iPhone.ActiveCfg = Release|iPhone
		{75B6C724-FDE5-4EF7-83E2-1CFF12AADF9C}.Release|iPhone.Build.0 = Release|iPhone
		{75B6C724-FDE5-4EF7-83E2-1CFF12AADF9C}.Release|iPhoneSimulator.ActiveCfg = Release|iPhoneSimulator
		{75B6C724-FDE5-4EF7-83E2-1CFF12AADF9C}.Release|iPhoneSimulator.Build.0 = Release|iPhoneSimulator
	EndGlobalSection
	GlobalSection(MonoDevelopProperties) = preSolution
		StartupItem = iMobileSdkDemo.csproj
	EndGlobalSection
EndGlobal
