
Microsoft Visual Studio Solution File, Format Version 12.00
# Visual Studio 2012
Project("{FAE04EC0-301F-11D3-BF4B-00C04F79EFBC}") = "YourProjectName", "YourProjectName\YourProjectName.csproj", "{DA876AC2-BD18-46F7-BE26-2D293B396FF9}"
EndProject
Global
	GlobalSection(SolutionConfigurationPlatforms) = preSolution
		Debug|Any CPU = Debug|Any CPU
		Release|Any CPU = Release|Any CPU
	EndGlobalSection
	GlobalSection(ProjectConfigurationPlatforms) = postSolution
		{DA876AC2-BD18-46F7-BE26-2D293B396FF9}.Debug|Any CPU.ActiveCfg = Debug|Any CPU
		{DA876AC2-BD18-46F7-BE26-2D293B396FF9}.Debug|Any CPU.Build.0 = Debug|Any CPU
		{DA876AC2-BD18-46F7-BE26-2D293B396FF9}.Release|Any CPU.ActiveCfg = Release|Any CPU
		{DA876AC2-BD18-46F7-BE26-2D293B396FF9}.Release|Any CPU.Build.0 = Release|Any CPU
	EndGlobalSection
	GlobalSection(MonoDevelopProperties) = preSolution
		StartupItem = YourProjectName\YourProjectName.csproj
	EndGlobalSection
EndGlobal
