
Microsoft Visual Studio Solution File, Format Version 12.00
# Visual Studio 2012
Project("{FAE04EC0-301F-11D3-BF4B-00C04F79EFBC}") = "iMobileSdkDemo-Unified", "iMobileSdkDemo-Unified\iMobileSdkDemo-Unified.csproj", "{D3117EA9-488F-44C0-9D7E-37377F83C6A5}"
EndProject
Global
	GlobalSection(SolutionConfigurationPlatforms) = preSolution
		Debug|iPhoneSimulator = Debug|iPhoneSimulator
		Release|iPhoneSimulator = Release|iPhoneSimulator
		Debug|iPhone = Debug|iPhone
		Release|iPhone = Release|iPhone
		Ad-Hoc|iPhone = Ad-Hoc|iPhone
		AppStore|iPhone = AppStore|iPhone
	EndGlobalSection
	GlobalSection(ProjectConfigurationPlatforms) = postSolution
		{D3117EA9-488F-44C0-9D7E-37377F83C6A5}.Ad-Hoc|iPhone.ActiveCfg = Ad-Hoc|iPhone
		{D3117EA9-488F-44C0-9D7E-37377F83C6A5}.Ad-Hoc|iPhone.Build.0 = Ad-Hoc|iPhone
		{D3117EA9-488F-44C0-9D7E-37377F83C6A5}.AppStore|iPhone.ActiveCfg = AppStore|iPhone
		{D3117EA9-488F-44C0-9D7E-37377F83C6A5}.AppStore|iPhone.Build.0 = AppStore|iPhone
		{D3117EA9-488F-44C0-9D7E-37377F83C6A5}.Debug|iPhone.ActiveCfg = Debug|iPhone
		{D3117EA9-488F-44C0-9D7E-37377F83C6A5}.Debug|iPhone.Build.0 = Debug|iPhone
		{D3117EA9-488F-44C0-9D7E-37377F83C6A5}.Debug|iPhoneSimulator.ActiveCfg = Debug|iPhoneSimulator
		{D3117EA9-488F-44C0-9D7E-37377F83C6A5}.Debug|iPhoneSimulator.Build.0 = Debug|iPhoneSimulator
		{D3117EA9-488F-44C0-9D7E-37377F83C6A5}.Release|iPhone.ActiveCfg = Release|iPhone
		{D3117EA9-488F-44C0-9D7E-37377F83C6A5}.Release|iPhone.Build.0 = Release|iPhone
		{D3117EA9-488F-44C0-9D7E-37377F83C6A5}.Release|iPhoneSimulator.ActiveCfg = Release|iPhoneSimulator
		{D3117EA9-488F-44C0-9D7E-37377F83C6A5}.Release|iPhoneSimulator.Build.0 = Release|iPhoneSimulator
	EndGlobalSection
	GlobalSection(MonoDevelopProperties) = preSolution
		StartupItem = iMobileSdkDemo-Unified\iMobileSdkDemo-Unified.csproj
	EndGlobalSection
EndGlobal
